// !$*UTF8*$!
{
	archiveVersion = 1;
	classes = {
	};
	objectVersion = 46;
	objects = {

/* Begin PBXBuildFile section */
		AE4EB25318FF61040013CA4E /* NSDate+MTDates.m in Sources */ = {isa = PBXBuildFile; fileRef = AE4EB25018FF61040013CA4E /* NSDate+MTDates.m */; };
		AE4EB25418FF61040013CA4E /* NSDateComponents+MTDates.m in Sources */ = {isa = PBXBuildFile; fileRef = AE4EB25218FF61040013CA4E /* NSDateComponents+MTDates.m */; };
		AE5DFC8B18EE934600FA585A /* TasksViewController.m in Sources */ = {isa = PBXBuildFile; fileRef = AE5DFC8A18EE934600FA585A /* TasksViewController.m */; };
		AE5DFCA118EF30C700FA585A /* TaskCell.m in Sources */ = {isa = PBXBuildFile; fileRef = AE5DFCA018EF30C700FA585A /* TaskCell.m */; };
		AE5DFCA318EF791500FA585A /* CoreData.framework in Frameworks */ = {isa = PBXBuildFile; fileRef = AE5DFCA218EF791500FA585A /* CoreData.framework */; };
		AE5DFCA618EF8B4900FA585A /* tasks.xcdatamodeld in Sources */ = {isa = PBXBuildFile; fileRef = AE5DFCA418EF8B4900FA585A /* tasks.xcdatamodeld */; };
		AE5DFCA818EFD5E900FA585A /* SystemConfiguration.framework in Frameworks */ = {isa = PBXBuildFile; fileRef = AE5DFCA718EFD5E900FA585A /* SystemConfiguration.framework */; };
		AE5DFCAC18EFD63500FA585A /* UIColor+MLPFlatColors.m in Sources */ = {isa = PBXBuildFile; fileRef = AE5DFCAB18EFD63500FA585A /* UIColor+MLPFlatColors.m */; };
		AE5DFCB018F0755000FA585A /* M13Checkbox.m in Sources */ = {isa = PBXBuildFile; fileRef = AE5DFCAF18F0755000FA585A /* M13Checkbox.m */; };
		AE5DFCBA18F12D2A00FA585A /* JSQFlatButton.m in Sources */ = {isa = PBXBuildFile; fileRef = AE5DFCB918F12D2A00FA585A /* JSQFlatButton.m */; };
		AE5DFCC218F1DB8800FA585A /* APLKeyboardControls.m in Sources */ = {isa = PBXBuildFile; fileRef = AE5DFCC118F1DB8800FA585A /* APLKeyboardControls.m */; };
		AE5DFCC818F1DDB900FA585A /* NSData+Base64.m in Sources */ = {isa = PBXBuildFile; fileRef = AE5DFCC718F1DDB900FA585A /* NSData+Base64.m */; };
		AE5DFCD418F2575700FA585A /* JVFloatLabeledTextField.m in Sources */ = {isa = PBXBuildFile; fileRef = AE5DFCD318F2575700FA585A /* JVFloatLabeledTextField.m */; };
		AE5DFCDC18F271AC00FA585A /* TSBlurView.m in Sources */ = {isa = PBXBuildFile; fileRef = AE5DFCD718F271AC00FA585A /* TSBlurView.m */; };
		AE5DFCDD18F271AC00FA585A /* TSMessage.m in Sources */ = {isa = PBXBuildFile; fileRef = AE5DFCD918F271AC00FA585A /* TSMessage.m */; };
		AE5DFCDE18F271AC00FA585A /* TSMessageView.m in Sources */ = {isa = PBXBuildFile; fileRef = AE5DFCDB18F271AC00FA585A /* TSMessageView.m */; };
		AE5DFCF118F271C200FA585A /* NotificationBackgroundError.png in Resources */ = {isa = PBXBuildFile; fileRef = AE5DFCE018F271C200FA585A /* NotificationBackgroundError.png */; };
		AE5DFCF218F271C200FA585A /* NotificationBackgroundError@2x.png in Resources */ = {isa = PBXBuildFile; fileRef = AE5DFCE118F271C200FA585A /* NotificationBackgroundError@2x.png */; };
		AE5DFCF318F271C200FA585A /* NotificationBackgroundErrorIcon.png in Resources */ = {isa = PBXBuildFile; fileRef = AE5DFCE218F271C200FA585A /* NotificationBackgroundErrorIcon.png */; };
		AE5DFCF418F271C200FA585A /* NotificationBackgroundErrorIcon@2x.png in Resources */ = {isa = PBXBuildFile; fileRef = AE5DFCE318F271C200FA585A /* NotificationBackgroundErrorIcon@2x.png */; };
		AE5DFCF518F271C200FA585A /* NotificationBackgroundMessage.png in Resources */ = {isa = PBXBuildFile; fileRef = AE5DFCE418F271C200FA585A /* NotificationBackgroundMessage.png */; };
		AE5DFCF618F271C200FA585A /* NotificationBackgroundMessage@2x.png in Resources */ = {isa = PBXBuildFile; fileRef = AE5DFCE518F271C200FA585A /* NotificationBackgroundMessage@2x.png */; };
		AE5DFCF718F271C200FA585A /* NotificationBackgroundSuccess.png in Resources */ = {isa = PBXBuildFile; fileRef = AE5DFCE618F271C200FA585A /* NotificationBackgroundSuccess.png */; };
		AE5DFCF818F271C200FA585A /* NotificationBackgroundSuccess@2x.png in Resources */ = {isa = PBXBuildFile; fileRef = AE5DFCE718F271C200FA585A /* NotificationBackgroundSuccess@2x.png */; };
		AE5DFCF918F271C200FA585A /* NotificationBackgroundSuccessIcon.png in Resources */ = {isa = PBXBuildFile; fileRef = AE5DFCE818F271C200FA585A /* NotificationBackgroundSuccessIcon.png */; };
		AE5DFCFA18F271C200FA585A /* NotificationBackgroundSuccessIcon@2x.png in Resources */ = {isa = PBXBuildFile; fileRef = AE5DFCE918F271C200FA585A /* NotificationBackgroundSuccessIcon@2x.png */; };
		AE5DFCFB18F271C200FA585A /* NotificationBackgroundWarning.png in Resources */ = {isa = PBXBuildFile; fileRef = AE5DFCEA18F271C200FA585A /* NotificationBackgroundWarning.png */; };
		AE5DFCFC18F271C200FA585A /* NotificationBackgroundWarning@2x.png in Resources */ = {isa = PBXBuildFile; fileRef = AE5DFCEB18F271C200FA585A /* NotificationBackgroundWarning@2x.png */; };
		AE5DFCFD18F271C200FA585A /* NotificationBackgroundWarningIcon.png in Resources */ = {isa = PBXBuildFile; fileRef = AE5DFCEC18F271C200FA585A /* NotificationBackgroundWarningIcon.png */; };
		AE5DFCFE18F271C200FA585A /* NotificationBackgroundWarningIcon@2x.png in Resources */ = {isa = PBXBuildFile; fileRef = AE5DFCED18F271C200FA585A /* NotificationBackgroundWarningIcon@2x.png */; };
		AE5DFCFF18F271C200FA585A /* NotificationButtonBackground.png in Resources */ = {isa = PBXBuildFile; fileRef = AE5DFCEE18F271C200FA585A /* NotificationButtonBackground.png */; };
		AE5DFD0018F271C200FA585A /* NotificationButtonBackground@2x.png in Resources */ = {isa = PBXBuildFile; fileRef = AE5DFCEF18F271C200FA585A /* NotificationButtonBackground@2x.png */; };
		AE5DFD0118F271C200FA585A /* TSMessagesDefaultDesign.json in Resources */ = {isa = PBXBuildFile; fileRef = AE5DFCF018F271C200FA585A /* TSMessagesDefaultDesign.json */; };
		AE5DFD0418F271D900FA585A /* HexColor.m in Sources */ = {isa = PBXBuildFile; fileRef = AE5DFD0318F271D900FA585A /* HexColor.m */; };
		AE5DFD0A18F4687200FA585A /* UIImage+ResizeMagick.m in Sources */ = {isa = PBXBuildFile; fileRef = AE5DFD0718F4687200FA585A /* UIImage+ResizeMagick.m */; };
		AE5DFD0B18F4687200FA585A /* DoActionSheet.m in Sources */ = {isa = PBXBuildFile; fileRef = AE5DFD0918F4687200FA585A /* DoActionSheet.m */; };
		AE6131E518E8C7A3008BE5FF /* Foundation.framework in Frameworks */ = {isa = PBXBuildFile; fileRef = AE6131E418E8C7A3008BE5FF /* Foundation.framework */; };
		AE6131E718E8C7A3008BE5FF /* CoreGraphics.framework in Frameworks */ = {isa = PBXBuildFile; fileRef = AE6131E618E8C7A3008BE5FF /* CoreGraphics.framework */; };
		AE6131E918E8C7A3008BE5FF /* UIKit.framework in Frameworks */ = {isa = PBXBuildFile; fileRef = AE6131E818E8C7A3008BE5FF /* UIKit.framework */; };
		AE6131EF18E8C7A3008BE5FF /* InfoPlist.strings in Resources */ = {isa = PBXBuildFile; fileRef = AE6131ED18E8C7A3008BE5FF /* InfoPlist.strings */; };
		AE6131F118E8C7A3008BE5FF /* main.m in Sources */ = {isa = PBXBuildFile; fileRef = AE6131F018E8C7A3008BE5FF /* main.m */; };
		AE6131F518E8C7A3008BE5FF /* CDAppDelegate.m in Sources */ = {isa = PBXBuildFile; fileRef = AE6131F418E8C7A3008BE5FF /* CDAppDelegate.m */; };
		AE6131FB18E8C7A3008BE5FF /* CDViewController.m in Sources */ = {isa = PBXBuildFile; fileRef = AE6131FA18E8C7A3008BE5FF /* CDViewController.m */; };
		AE6131FD18E8C7A3008BE5FF /* Images.xcassets in Resources */ = {isa = PBXBuildFile; fileRef = AE6131FC18E8C7A3008BE5FF /* Images.xcassets */; };
		AE61320418E8C7A3008BE5FF /* XCTest.framework in Frameworks */ = {isa = PBXBuildFile; fileRef = AE61320318E8C7A3008BE5FF /* XCTest.framework */; };
		AE61320518E8C7A3008BE5FF /* Foundation.framework in Frameworks */ = {isa = PBXBuildFile; fileRef = AE6131E418E8C7A3008BE5FF /* Foundation.framework */; };
		AE61320618E8C7A3008BE5FF /* UIKit.framework in Frameworks */ = {isa = PBXBuildFile; fileRef = AE6131E818E8C7A3008BE5FF /* UIKit.framework */; };
		AE61320E18E8C7A3008BE5FF /* InfoPlist.strings in Resources */ = {isa = PBXBuildFile; fileRef = AE61320C18E8C7A3008BE5FF /* InfoPlist.strings */; };
		AE61321018E8C7A3008BE5FF /* TimeWiserTests.m in Sources */ = {isa = PBXBuildFile; fileRef = AE61320F18E8C7A3008BE5FF /* TimeWiserTests.m */; };
		AE61322218E9EFAC008BE5FF /* ViewPagerController.m in Sources */ = {isa = PBXBuildFile; fileRef = AE61322118E9EFAC008BE5FF /* ViewPagerController.m */; };
		AE61322518E9F147008BE5FF /* ContentViewController.m in Sources */ = {isa = PBXBuildFile; fileRef = AE61322418E9F147008BE5FF /* ContentViewController.m */; };
		AE61322F18EA8B78008BE5FF /* TodayViewController.m in Sources */ = {isa = PBXBuildFile; fileRef = AE61322E18EA8B78008BE5FF /* TodayViewController.m */; };
		AE61323918EBBB0E008BE5FF /* SFCounterLabel.m in Sources */ = {isa = PBXBuildFile; fileRef = AE61323218EBBB0E008BE5FF /* SFCounterLabel.m */; };
		AE61323A18EBBB0E008BE5FF /* SFRoundProgressCounterView.m in Sources */ = {isa = PBXBuildFile; fileRef = AE61323418EBBB0E008BE5FF /* SFRoundProgressCounterView.m */; };
		AE61323B18EBBB0E008BE5FF /* SFRoundProgressLayer.m in Sources */ = {isa = PBXBuildFile; fileRef = AE61323618EBBB0E008BE5FF /* SFRoundProgressLayer.m */; };
		AE61323C18EBBB0E008BE5FF /* SFRoundProgressView.m in Sources */ = {isa = PBXBuildFile; fileRef = AE61323818EBBB0E008BE5FF /* SFRoundProgressView.m */; };
		AE61324218EBE1F9008BE5FF /* TTTAttributedLabel.m in Sources */ = {isa = PBXBuildFile; fileRef = AE61324118EBE1F9008BE5FF /* TTTAttributedLabel.m */; };
		AE61325B18ED0196008BE5FF /* CDNavigationViewController.m in Sources */ = {isa = PBXBuildFile; fileRef = AE61325A18ED0196008BE5FF /* CDNavigationViewController.m */; };
		AE61325E18ED0260008BE5FF /* NewTaskViewController.m in Sources */ = {isa = PBXBuildFile; fileRef = AE61325D18ED0260008BE5FF /* NewTaskViewController.m */; };
		AE61326018ED0AFE008BE5FF /* Accelerate.framework in Frameworks */ = {isa = PBXBuildFile; fileRef = AE61325F18ED0AFE008BE5FF /* Accelerate.framework */; };
		AE61326318ED1E43008BE5FF /* BlurryModalSegue.m in Sources */ = {isa = PBXBuildFile; fileRef = AE61326218ED1E43008BE5FF /* BlurryModalSegue.m */; };
		AE61326818ED1F26008BE5FF /* MZAppearance.m in Sources */ = {isa = PBXBuildFile; fileRef = AE61326518ED1F26008BE5FF /* MZAppearance.m */; };
		AE61326918ED1F26008BE5FF /* NSInvocation+Copy.m in Sources */ = {isa = PBXBuildFile; fileRef = AE61326718ED1F26008BE5FF /* NSInvocation+Copy.m */; };
		AE61326E18ED1F34008BE5FF /* UIImage+BlurredFrame.m in Sources */ = {isa = PBXBuildFile; fileRef = AE61326B18ED1F34008BE5FF /* UIImage+BlurredFrame.m */; };
		AE61326F18ED1F34008BE5FF /* UIImage+ImageEffects.m in Sources */ = {isa = PBXBuildFile; fileRef = AE61326D18ED1F34008BE5FF /* UIImage+ImageEffects.m */; };
		AE61327218ED1FCB008BE5FF /* QuartzCore.framework in Frameworks */ = {isa = PBXBuildFile; fileRef = AE61327118ED1FCB008BE5FF /* QuartzCore.framework */; };
		AE61327918ED2206008BE5FF /* JVFloatLabeledTextView.m in Sources */ = {isa = PBXBuildFile; fileRef = AE61327718ED2206008BE5FF /* JVFloatLabeledTextView.m */; };
		AE61327B18EDC932008BE5FF /* CoreText.framework in Frameworks */ = {isa = PBXBuildFile; fileRef = AE61327A18EDC932008BE5FF /* CoreText.framework */; };
		AE61328118EE0A4E008BE5FF /* SAMultisectorControl.m in Sources */ = {isa = PBXBuildFile; fileRef = AE61327E18EE0A4E008BE5FF /* SAMultisectorControl.m */; };
		AE61328218EE0A4E008BE5FF /* SAMath.m in Sources */ = {isa = PBXBuildFile; fileRef = AE61328018EE0A4E008BE5FF /* SAMath.m */; };
		AEB3BBE21936E68F00DAC61C /* PNColor.m in Sources */ = {isa = PBXBuildFile; fileRef = AEB3BBE11936E68F00DAC61C /* PNColor.m */; };
		AEB3BBE71936E6AB00DAC61C /* PNChartLabel.m in Sources */ = {isa = PBXBuildFile; fileRef = AEB3BBE61936E6AB00DAC61C /* PNChartLabel.m */; };
		AEB3BBEA1936E6B600DAC61C /* UICountingLabel.m in Sources */ = {isa = PBXBuildFile; fileRef = AEB3BBE91936E6B600DAC61C /* UICountingLabel.m */; };
		AEB3BBED1936E6C900DAC61C /* PNCircleChart.m in Sources */ = {isa = PBXBuildFile; fileRef = AEB3BBEC1936E6C900DAC61C /* PNCircleChart.m */; };
		AEB3BBF21936E6E100DAC61C /* PNPieChart.m in Sources */ = {isa = PBXBuildFile; fileRef = AEB3BBEF1936E6E100DAC61C /* PNPieChart.m */; };
		AEB3BBF31936E6E100DAC61C /* PNPieChartDataItem.m in Sources */ = {isa = PBXBuildFile; fileRef = AEB3BBF11936E6E100DAC61C /* PNPieChartDataItem.m */; };
		AEB3BBF81936E6F500DAC61C /* PNBar.m in Sources */ = {isa = PBXBuildFile; fileRef = AEB3BBF51936E6F500DAC61C /* PNBar.m */; };
		AEB3BBF91936E6F500DAC61C /* PNBarChart.m in Sources */ = {isa = PBXBuildFile; fileRef = AEB3BBF71936E6F500DAC61C /* PNBarChart.m */; };
		AEB3BC001936E71200DAC61C /* PNLineChart.m in Sources */ = {isa = PBXBuildFile; fileRef = AEB3BBFB1936E71200DAC61C /* PNLineChart.m */; };
		AEB3BC011936E71200DAC61C /* PNLineChartData.m in Sources */ = {isa = PBXBuildFile; fileRef = AEB3BBFD1936E71200DAC61C /* PNLineChartData.m */; };
		AEB3BC021936E71200DAC61C /* PNLineChartDataItem.m in Sources */ = {isa = PBXBuildFile; fileRef = AEB3BBFF1936E71200DAC61C /* PNLineChartDataItem.m */; };
		AEB731E018FE01C500B3A63E /* LPPopupListView.m in Sources */ = {isa = PBXBuildFile; fileRef = AEB731DD18FE01C500B3A63E /* LPPopupListView.m */; };
		AEB731E118FE01C500B3A63E /* LPPopupListViewCell.m in Sources */ = {isa = PBXBuildFile; fileRef = AEB731DF18FE01C500B3A63E /* LPPopupListViewCell.m */; };
		AED3BD6419007B75004501BF /* Main.storyboard in Resources */ = {isa = PBXBuildFile; fileRef = AE6131F618E8C7A3008BE5FF /* Main.storyboard */; };
		AED3BD6619007F89004501BF /* TimeWiserTest-Info.plist in Resources */ = {isa = PBXBuildFile; fileRef = AED3BD6519007F89004501BF /* TimeWiserTest-Info.plist */; };
		AEDD545A190AEE1600EB1DBD /* AVFoundation.framework in Frameworks */ = {isa = PBXBuildFile; fileRef = AEDD5459190AEE1600EB1DBD /* AVFoundation.framework */; };
		AEDD545D190B3A0C00EB1DBD /* beep.mp3 in Resources */ = {isa = PBXBuildFile; fileRef = AEDD545B190B3A0C00EB1DBD /* beep.mp3 */; };
		AEDD545E190B3A0C00EB1DBD /* doublebeep.mp3 in Resources */ = {isa = PBXBuildFile; fileRef = AEDD545C190B3A0C00EB1DBD /* doublebeep.mp3 */; };
/* End PBXBuildFile section */

/* Begin PBXContainerItemProxy section */
		AE61320718E8C7A3008BE5FF /* PBXContainerItemProxy */ = {
			isa = PBXContainerItemProxy;
			containerPortal = AE6131D918E8C7A3008BE5FF /* Project object */;
			proxyType = 1;
			remoteGlobalIDString = AE6131E018E8C7A3008BE5FF;
			remoteInfo = TimeWiser;
		};
/* End PBXContainerItemProxy section */

/* Begin PBXFileReference section */
		AE4EB24F18FF61040013CA4E /* NSDate+MTDates.h */ = {isa = PBXFileReference; fileEncoding = 4; lastKnownFileType = sourcecode.c.h; path = "NSDate+MTDates.h"; sourceTree = "<group>"; };
		AE4EB25018FF61040013CA4E /* NSDate+MTDates.m */ = {isa = PBXFileReference; fileEncoding = 4; lastKnownFileType = sourcecode.c.objc; path = "NSDate+MTDates.m"; sourceTree = "<group>"; };
		AE4EB25118FF61040013CA4E /* NSDateComponents+MTDates.h */ = {isa = PBXFileReference; fileEncoding = 4; lastKnownFileType = sourcecode.c.h; path = "NSDateComponents+MTDates.h"; sourceTree = "<group>"; };
		AE4EB25218FF61040013CA4E /* NSDateComponents+MTDates.m */ = {isa = PBXFileReference; fileEncoding = 4; lastKnownFileType = sourcecode.c.objc; path = "NSDateComponents+MTDates.m"; sourceTree = "<group>"; };
		AE5DFC8918EE934600FA585A /* TasksViewController.h */ = {isa = PBXFileReference; fileEncoding = 4; lastKnownFileType = sourcecode.c.h; path = TasksViewController.h; sourceTree = "<group>"; };
		AE5DFC8A18EE934600FA585A /* TasksViewController.m */ = {isa = PBXFileReference; fileEncoding = 4; lastKnownFileType = sourcecode.c.objc; path = TasksViewController.m; sourceTree = "<group>"; };
		AE5DFC9F18EF30C700FA585A /* TaskCell.h */ = {isa = PBXFileReference; fileEncoding = 4; lastKnownFileType = sourcecode.c.h; name = TaskCell.h; path = ../TaskCell.h; sourceTree = "<group>"; };
		AE5DFCA018EF30C700FA585A /* TaskCell.m */ = {isa = PBXFileReference; fileEncoding = 4; lastKnownFileType = sourcecode.c.objc; name = TaskCell.m; path = ../TaskCell.m; sourceTree = "<group>"; };
		AE5DFCA218EF791500FA585A /* CoreData.framework */ = {isa = PBXFileReference; lastKnownFileType = wrapper.framework; name = CoreData.framework; path = System/Library/Frameworks/CoreData.framework; sourceTree = SDKROOT; };
		AE5DFCA518EF8B4900FA585A /* tasks.xcdatamodel */ = {isa = PBXFileReference; lastKnownFileType = wrapper.xcdatamodel; path = tasks.xcdatamodel; sourceTree = "<group>"; };
		AE5DFCA718EFD5E900FA585A /* SystemConfiguration.framework */ = {isa = PBXFileReference; lastKnownFileType = wrapper.framework; name = SystemConfiguration.framework; path = System/Library/Frameworks/SystemConfiguration.framework; sourceTree = SDKROOT; };
		AE5DFCAA18EFD63500FA585A /* UIColor+MLPFlatColors.h */ = {isa = PBXFileReference; fileEncoding = 4; lastKnownFileType = sourcecode.c.h; path = "UIColor+MLPFlatColors.h"; sourceTree = "<group>"; };
		AE5DFCAB18EFD63500FA585A /* UIColor+MLPFlatColors.m */ = {isa = PBXFileReference; fileEncoding = 4; lastKnownFileType = sourcecode.c.objc; path = "UIColor+MLPFlatColors.m"; sourceTree = "<group>"; };
		AE5DFCAE18F0755000FA585A /* M13Checkbox.h */ = {isa = PBXFileReference; fileEncoding = 4; lastKnownFileType = sourcecode.c.h; path = M13Checkbox.h; sourceTree = "<group>"; };
		AE5DFCAF18F0755000FA585A /* M13Checkbox.m */ = {isa = PBXFileReference; fileEncoding = 4; lastKnownFileType = sourcecode.c.objc; path = M13Checkbox.m; sourceTree = "<group>"; };
		AE5DFCB818F12D2A00FA585A /* JSQFlatButton.h */ = {isa = PBXFileReference; fileEncoding = 4; lastKnownFileType = sourcecode.c.h; path = JSQFlatButton.h; sourceTree = "<group>"; };
		AE5DFCB918F12D2A00FA585A /* JSQFlatButton.m */ = {isa = PBXFileReference; fileEncoding = 4; lastKnownFileType = sourcecode.c.objc; path = JSQFlatButton.m; sourceTree = "<group>"; };
		AE5DFCC018F1DB8800FA585A /* APLKeyboardControls.h */ = {isa = PBXFileReference; fileEncoding = 4; lastKnownFileType = sourcecode.c.h; path = APLKeyboardControls.h; sourceTree = "<group>"; };
		AE5DFCC118F1DB8800FA585A /* APLKeyboardControls.m */ = {isa = PBXFileReference; fileEncoding = 4; lastKnownFileType = sourcecode.c.objc; path = APLKeyboardControls.m; sourceTree = "<group>"; };
		AE5DFCC618F1DDB900FA585A /* NSData+Base64.h */ = {isa = PBXFileReference; fileEncoding = 4; lastKnownFileType = sourcecode.c.h; path = "NSData+Base64.h"; sourceTree = "<group>"; };
		AE5DFCC718F1DDB900FA585A /* NSData+Base64.m */ = {isa = PBXFileReference; fileEncoding = 4; lastKnownFileType = sourcecode.c.objc; path = "NSData+Base64.m"; sourceTree = "<group>"; };
		AE5DFCD218F2575700FA585A /* JVFloatLabeledTextField.h */ = {isa = PBXFileReference; fileEncoding = 4; lastKnownFileType = sourcecode.c.h; path = JVFloatLabeledTextField.h; sourceTree = "<group>"; };
		AE5DFCD318F2575700FA585A /* JVFloatLabeledTextField.m */ = {isa = PBXFileReference; fileEncoding = 4; lastKnownFileType = sourcecode.c.objc; path = JVFloatLabeledTextField.m; sourceTree = "<group>"; };
		AE5DFCD618F271AC00FA585A /* TSBlurView.h */ = {isa = PBXFileReference; fileEncoding = 4; lastKnownFileType = sourcecode.c.h; path = TSBlurView.h; sourceTree = "<group>"; };
		AE5DFCD718F271AC00FA585A /* TSBlurView.m */ = {isa = PBXFileReference; fileEncoding = 4; lastKnownFileType = sourcecode.c.objc; path = TSBlurView.m; sourceTree = "<group>"; };
		AE5DFCD818F271AC00FA585A /* TSMessage.h */ = {isa = PBXFileReference; fileEncoding = 4; lastKnownFileType = sourcecode.c.h; path = TSMessage.h; sourceTree = "<group>"; };
		AE5DFCD918F271AC00FA585A /* TSMessage.m */ = {isa = PBXFileReference; fileEncoding = 4; lastKnownFileType = sourcecode.c.objc; path = TSMessage.m; sourceTree = "<group>"; };
		AE5DFCDA18F271AC00FA585A /* TSMessageView.h */ = {isa = PBXFileReference; fileEncoding = 4; lastKnownFileType = sourcecode.c.h; path = TSMessageView.h; sourceTree = "<group>"; };
		AE5DFCDB18F271AC00FA585A /* TSMessageView.m */ = {isa = PBXFileReference; fileEncoding = 4; lastKnownFileType = sourcecode.c.objc; path = TSMessageView.m; sourceTree = "<group>"; };
		AE5DFCE018F271C200FA585A /* NotificationBackgroundError.png */ = {isa = PBXFileReference; lastKnownFileType = image.png; path = NotificationBackgroundError.png; sourceTree = "<group>"; };
		AE5DFCE118F271C200FA585A /* NotificationBackgroundError@2x.png */ = {isa = PBXFileReference; lastKnownFileType = image.png; path = "NotificationBackgroundError@2x.png"; sourceTree = "<group>"; };
		AE5DFCE218F271C200FA585A /* NotificationBackgroundErrorIcon.png */ = {isa = PBXFileReference; lastKnownFileType = image.png; path = NotificationBackgroundErrorIcon.png; sourceTree = "<group>"; };
		AE5DFCE318F271C200FA585A /* NotificationBackgroundErrorIcon@2x.png */ = {isa = PBXFileReference; lastKnownFileType = image.png; path = "NotificationBackgroundErrorIcon@2x.png"; sourceTree = "<group>"; };
		AE5DFCE418F271C200FA585A /* NotificationBackgroundMessage.png */ = {isa = PBXFileReference; lastKnownFileType = image.png; path = NotificationBackgroundMessage.png; sourceTree = "<group>"; };
		AE5DFCE518F271C200FA585A /* NotificationBackgroundMessage@2x.png */ = {isa = PBXFileReference; lastKnownFileType = image.png; path = "NotificationBackgroundMessage@2x.png"; sourceTree = "<group>"; };
		AE5DFCE618F271C200FA585A /* NotificationBackgroundSuccess.png */ = {isa = PBXFileReference; lastKnownFileType = image.png; path = NotificationBackgroundSuccess.png; sourceTree = "<group>"; };
		AE5DFCE718F271C200FA585A /* NotificationBackgroundSuccess@2x.png */ = {isa = PBXFileReference; lastKnownFileType = image.png; path = "NotificationBackgroundSuccess@2x.png"; sourceTree = "<group>"; };
		AE5DFCE818F271C200FA585A /* NotificationBackgroundSuccessIcon.png */ = {isa = PBXFileReference; lastKnownFileType = image.png; path = NotificationBackgroundSuccessIcon.png; sourceTree = "<group>"; };
		AE5DFCE918F271C200FA585A /* NotificationBackgroundSuccessIcon@2x.png */ = {isa = PBXFileReference; lastKnownFileType = image.png; path = "NotificationBackgroundSuccessIcon@2x.png"; sourceTree = "<group>"; };
		AE5DFCEA18F271C200FA585A /* NotificationBackgroundWarning.png */ = {isa = PBXFileReference; lastKnownFileType = image.png; path = NotificationBackgroundWarning.png; sourceTree = "<group>"; };
		AE5DFCEB18F271C200FA585A /* NotificationBackgroundWarning@2x.png */ = {isa = PBXFileReference; lastKnownFileType = image.png; path = "NotificationBackgroundWarning@2x.png"; sourceTree = "<group>"; };
		AE5DFCEC18F271C200FA585A /* NotificationBackgroundWarningIcon.png */ = {isa = PBXFileReference; lastKnownFileType = image.png; path = NotificationBackgroundWarningIcon.png; sourceTree = "<group>"; };
		AE5DFCED18F271C200FA585A /* NotificationBackgroundWarningIcon@2x.png */ = {isa = PBXFileReference; lastKnownFileType = image.png; path = "NotificationBackgroundWarningIcon@2x.png"; sourceTree = "<group>"; };
		AE5DFCEE18F271C200FA585A /* NotificationButtonBackground.png */ = {isa = PBXFileReference; lastKnownFileType = image.png; path = NotificationButtonBackground.png; sourceTree = "<group>"; };
		AE5DFCEF18F271C200FA585A /* NotificationButtonBackground@2x.png */ = {isa = PBXFileReference; lastKnownFileType = image.png; path = "NotificationButtonBackground@2x.png"; sourceTree = "<group>"; };
		AE5DFCF018F271C200FA585A /* TSMessagesDefaultDesign.json */ = {isa = PBXFileReference; fileEncoding = 4; lastKnownFileType = text.json; path = TSMessagesDefaultDesign.json; sourceTree = "<group>"; };
		AE5DFD0218F271D900FA585A /* HexColor.h */ = {isa = PBXFileReference; fileEncoding = 4; lastKnownFileType = sourcecode.c.h; path = HexColor.h; sourceTree = "<group>"; };
		AE5DFD0318F271D900FA585A /* HexColor.m */ = {isa = PBXFileReference; fileEncoding = 4; lastKnownFileType = sourcecode.c.objc; path = HexColor.m; sourceTree = "<group>"; };
		AE5DFD0618F4687200FA585A /* UIImage+ResizeMagick.h */ = {isa = PBXFileReference; fileEncoding = 4; lastKnownFileType = sourcecode.c.h; path = "UIImage+ResizeMagick.h"; sourceTree = "<group>"; };
		AE5DFD0718F4687200FA585A /* UIImage+ResizeMagick.m */ = {isa = PBXFileReference; fileEncoding = 4; lastKnownFileType = sourcecode.c.objc; path = "UIImage+ResizeMagick.m"; sourceTree = "<group>"; };
		AE5DFD0818F4687200FA585A /* DoActionSheet.h */ = {isa = PBXFileReference; fileEncoding = 4; lastKnownFileType = sourcecode.c.h; path = DoActionSheet.h; sourceTree = "<group>"; };
		AE5DFD0918F4687200FA585A /* DoActionSheet.m */ = {isa = PBXFileReference; fileEncoding = 4; lastKnownFileType = sourcecode.c.objc; path = DoActionSheet.m; sourceTree = "<group>"; };
		AE6131E118E8C7A3008BE5FF /* TimeWiser.app */ = {isa = PBXFileReference; explicitFileType = wrapper.application; includeInIndex = 0; path = TimeWiser.app; sourceTree = BUILT_PRODUCTS_DIR; };
		AE6131E418E8C7A3008BE5FF /* Foundation.framework */ = {isa = PBXFileReference; lastKnownFileType = wrapper.framework; name = Foundation.framework; path = System/Library/Frameworks/Foundation.framework; sourceTree = SDKROOT; };
		AE6131E618E8C7A3008BE5FF /* CoreGraphics.framework */ = {isa = PBXFileReference; lastKnownFileType = wrapper.framework; name = CoreGraphics.framework; path = System/Library/Frameworks/CoreGraphics.framework; sourceTree = SDKROOT; };
		AE6131E818E8C7A3008BE5FF /* UIKit.framework */ = {isa = PBXFileReference; lastKnownFileType = wrapper.framework; name = UIKit.framework; path = System/Library/Frameworks/UIKit.framework; sourceTree = SDKROOT; };
		AE6131EE18E8C7A3008BE5FF /* en */ = {isa = PBXFileReference; lastKnownFileType = text.plist.strings; name = en; path = en.lproj/InfoPlist.strings; sourceTree = "<group>"; };
		AE6131F018E8C7A3008BE5FF /* main.m */ = {isa = PBXFileReference; lastKnownFileType = sourcecode.c.objc; path = main.m; sourceTree = "<group>"; };
		AE6131F218E8C7A3008BE5FF /* TimeWiser-Prefix.pch */ = {isa = PBXFileReference; lastKnownFileType = sourcecode.c.h; path = "TimeWiser-Prefix.pch"; sourceTree = "<group>"; };
		AE6131F318E8C7A3008BE5FF /* CDAppDelegate.h */ = {isa = PBXFileReference; lastKnownFileType = sourcecode.c.h; path = CDAppDelegate.h; sourceTree = "<group>"; };
		AE6131F418E8C7A3008BE5FF /* CDAppDelegate.m */ = {isa = PBXFileReference; lastKnownFileType = sourcecode.c.objc; path = CDAppDelegate.m; sourceTree = "<group>"; };
		AE6131F718E8C7A3008BE5FF /* Base */ = {isa = PBXFileReference; lastKnownFileType = file.storyboard; name = Base; path = Base.lproj/Main.storyboard; sourceTree = "<group>"; };
		AE6131F918E8C7A3008BE5FF /* CDViewController.h */ = {isa = PBXFileReference; lastKnownFileType = sourcecode.c.h; path = CDViewController.h; sourceTree = "<group>"; };
		AE6131FA18E8C7A3008BE5FF /* CDViewController.m */ = {isa = PBXFileReference; lastKnownFileType = sourcecode.c.objc; path = CDViewController.m; sourceTree = "<group>"; };
		AE6131FC18E8C7A3008BE5FF /* Images.xcassets */ = {isa = PBXFileReference; lastKnownFileType = folder.assetcatalog; path = Images.xcassets; sourceTree = "<group>"; };
		AE61320218E8C7A3008BE5FF /* TimeWiserTests.xctest */ = {isa = PBXFileReference; explicitFileType = wrapper.cfbundle; includeInIndex = 0; path = TimeWiserTests.xctest; sourceTree = BUILT_PRODUCTS_DIR; };
		AE61320318E8C7A3008BE5FF /* XCTest.framework */ = {isa = PBXFileReference; lastKnownFileType = wrapper.framework; name = XCTest.framework; path = Library/Frameworks/XCTest.framework; sourceTree = DEVELOPER_DIR; };
		AE61320D18E8C7A3008BE5FF /* en */ = {isa = PBXFileReference; lastKnownFileType = text.plist.strings; name = en; path = en.lproj/InfoPlist.strings; sourceTree = "<group>"; };
		AE61320F18E8C7A3008BE5FF /* TimeWiserTests.m */ = {isa = PBXFileReference; lastKnownFileType = sourcecode.c.objc; path = TimeWiserTests.m; sourceTree = "<group>"; };
		AE61322018E9EFAC008BE5FF /* ViewPagerController.h */ = {isa = PBXFileReference; fileEncoding = 4; lastKnownFileType = sourcecode.c.h; path = ViewPagerController.h; sourceTree = "<group>"; };
		AE61322118E9EFAC008BE5FF /* ViewPagerController.m */ = {isa = PBXFileReference; fileEncoding = 4; lastKnownFileType = sourcecode.c.objc; path = ViewPagerController.m; sourceTree = "<group>"; };
		AE61322318E9F147008BE5FF /* ContentViewController.h */ = {isa = PBXFileReference; fileEncoding = 4; lastKnownFileType = sourcecode.c.h; path = ContentViewController.h; sourceTree = "<group>"; };
		AE61322418E9F147008BE5FF /* ContentViewController.m */ = {isa = PBXFileReference; fileEncoding = 4; lastKnownFileType = sourcecode.c.objc; path = ContentViewController.m; sourceTree = "<group>"; };
		AE61322D18EA8B78008BE5FF /* TodayViewController.h */ = {isa = PBXFileReference; fileEncoding = 4; lastKnownFileType = sourcecode.c.h; name = TodayViewController.h; path = ../TodayViewController.h; sourceTree = "<group>"; };
		AE61322E18EA8B78008BE5FF /* TodayViewController.m */ = {isa = PBXFileReference; fileEncoding = 4; lastKnownFileType = sourcecode.c.objc; name = TodayViewController.m; path = ../TodayViewController.m; sourceTree = "<group>"; };
		AE61323118EBBB0E008BE5FF /* SFCounterLabel.h */ = {isa = PBXFileReference; fileEncoding = 4; lastKnownFileType = sourcecode.c.h; path = SFCounterLabel.h; sourceTree = "<group>"; };
		AE61323218EBBB0E008BE5FF /* SFCounterLabel.m */ = {isa = PBXFileReference; fileEncoding = 4; lastKnownFileType = sourcecode.c.objc; path = SFCounterLabel.m; sourceTree = "<group>"; };
		AE61323318EBBB0E008BE5FF /* SFRoundProgressCounterView.h */ = {isa = PBXFileReference; fileEncoding = 4; lastKnownFileType = sourcecode.c.h; path = SFRoundProgressCounterView.h; sourceTree = "<group>"; };
		AE61323418EBBB0E008BE5FF /* SFRoundProgressCounterView.m */ = {isa = PBXFileReference; fileEncoding = 4; lastKnownFileType = sourcecode.c.objc; path = SFRoundProgressCounterView.m; sourceTree = "<group>"; };
		AE61323518EBBB0E008BE5FF /* SFRoundProgressLayer.h */ = {isa = PBXFileReference; fileEncoding = 4; lastKnownFileType = sourcecode.c.h; path = SFRoundProgressLayer.h; sourceTree = "<group>"; };
		AE61323618EBBB0E008BE5FF /* SFRoundProgressLayer.m */ = {isa = PBXFileReference; fileEncoding = 4; lastKnownFileType = sourcecode.c.objc; path = SFRoundProgressLayer.m; sourceTree = "<group>"; };
		AE61323718EBBB0E008BE5FF /* SFRoundProgressView.h */ = {isa = PBXFileReference; fileEncoding = 4; lastKnownFileType = sourcecode.c.h; path = SFRoundProgressView.h; sourceTree = "<group>"; };
		AE61323818EBBB0E008BE5FF /* SFRoundProgressView.m */ = {isa = PBXFileReference; fileEncoding = 4; lastKnownFileType = sourcecode.c.objc; path = SFRoundProgressView.m; sourceTree = "<group>"; };
		AE61324018EBE1F9008BE5FF /* TTTAttributedLabel.h */ = {isa = PBXFileReference; fileEncoding = 4; lastKnownFileType = sourcecode.c.h; path = TTTAttributedLabel.h; sourceTree = "<group>"; };
		AE61324118EBE1F9008BE5FF /* TTTAttributedLabel.m */ = {isa = PBXFileReference; fileEncoding = 4; lastKnownFileType = sourcecode.c.objc; path = TTTAttributedLabel.m; sourceTree = "<group>"; };
		AE61325918ED0196008BE5FF /* CDNavigationViewController.h */ = {isa = PBXFileReference; fileEncoding = 4; lastKnownFileType = sourcecode.c.h; path = CDNavigationViewController.h; sourceTree = "<group>"; };
		AE61325A18ED0196008BE5FF /* CDNavigationViewController.m */ = {isa = PBXFileReference; fileEncoding = 4; lastKnownFileType = sourcecode.c.objc; path = CDNavigationViewController.m; sourceTree = "<group>"; };
		AE61325C18ED0260008BE5FF /* NewTaskViewController.h */ = {isa = PBXFileReference; fileEncoding = 4; lastKnownFileType = sourcecode.c.h; path = NewTaskViewController.h; sourceTree = "<group>"; };
		AE61325D18ED0260008BE5FF /* NewTaskViewController.m */ = {isa = PBXFileReference; fileEncoding = 4; lastKnownFileType = sourcecode.c.objc; path = NewTaskViewController.m; sourceTree = "<group>"; };
		AE61325F18ED0AFE008BE5FF /* Accelerate.framework */ = {isa = PBXFileReference; lastKnownFileType = wrapper.framework; name = Accelerate.framework; path = System/Library/Frameworks/Accelerate.framework; sourceTree = SDKROOT; };
		AE61326118ED1E43008BE5FF /* BlurryModalSegue.h */ = {isa = PBXFileReference; fileEncoding = 4; lastKnownFileType = sourcecode.c.h; path = BlurryModalSegue.h; sourceTree = "<group>"; };
		AE61326218ED1E43008BE5FF /* BlurryModalSegue.m */ = {isa = PBXFileReference; fileEncoding = 4; lastKnownFileType = sourcecode.c.objc; path = BlurryModalSegue.m; sourceTree = "<group>"; };
		AE61326418ED1F26008BE5FF /* MZAppearance.h */ = {isa = PBXFileReference; fileEncoding = 4; lastKnownFileType = sourcecode.c.h; path = MZAppearance.h; sourceTree = "<group>"; };
		AE61326518ED1F26008BE5FF /* MZAppearance.m */ = {isa = PBXFileReference; fileEncoding = 4; lastKnownFileType = sourcecode.c.objc; path = MZAppearance.m; sourceTree = "<group>"; };
		AE61326618ED1F26008BE5FF /* NSInvocation+Copy.h */ = {isa = PBXFileReference; fileEncoding = 4; lastKnownFileType = sourcecode.c.h; path = "NSInvocation+Copy.h"; sourceTree = "<group>"; };
		AE61326718ED1F26008BE5FF /* NSInvocation+Copy.m */ = {isa = PBXFileReference; fileEncoding = 4; lastKnownFileType = sourcecode.c.objc; path = "NSInvocation+Copy.m"; sourceTree = "<group>"; };
		AE61326A18ED1F34008BE5FF /* UIImage+BlurredFrame.h */ = {isa = PBXFileReference; fileEncoding = 4; lastKnownFileType = sourcecode.c.h; path = "UIImage+BlurredFrame.h"; sourceTree = "<group>"; };
		AE61326B18ED1F34008BE5FF /* UIImage+BlurredFrame.m */ = {isa = PBXFileReference; fileEncoding = 4; lastKnownFileType = sourcecode.c.objc; path = "UIImage+BlurredFrame.m"; sourceTree = "<group>"; };
		AE61326C18ED1F34008BE5FF /* UIImage+ImageEffects.h */ = {isa = PBXFileReference; fileEncoding = 4; lastKnownFileType = sourcecode.c.h; path = "UIImage+ImageEffects.h"; sourceTree = "<group>"; };
		AE61326D18ED1F34008BE5FF /* UIImage+ImageEffects.m */ = {isa = PBXFileReference; fileEncoding = 4; lastKnownFileType = sourcecode.c.objc; path = "UIImage+ImageEffects.m"; sourceTree = "<group>"; };
		AE61327118ED1FCB008BE5FF /* QuartzCore.framework */ = {isa = PBXFileReference; lastKnownFileType = wrapper.framework; name = QuartzCore.framework; path = System/Library/Frameworks/QuartzCore.framework; sourceTree = SDKROOT; };
		AE61327618ED2206008BE5FF /* JVFloatLabeledTextView.h */ = {isa = PBXFileReference; fileEncoding = 4; lastKnownFileType = sourcecode.c.h; path = JVFloatLabeledTextView.h; sourceTree = "<group>"; };
		AE61327718ED2206008BE5FF /* JVFloatLabeledTextView.m */ = {isa = PBXFileReference; fileEncoding = 4; lastKnownFileType = sourcecode.c.objc; path = JVFloatLabeledTextView.m; sourceTree = "<group>"; };
		AE61327A18EDC932008BE5FF /* CoreText.framework */ = {isa = PBXFileReference; lastKnownFileType = wrapper.framework; name = CoreText.framework; path = System/Library/Frameworks/CoreText.framework; sourceTree = SDKROOT; };
		AE61327D18EE0A4E008BE5FF /* SAMultisectorControl.h */ = {isa = PBXFileReference; fileEncoding = 4; lastKnownFileType = sourcecode.c.h; path = SAMultisectorControl.h; sourceTree = "<group>"; };
		AE61327E18EE0A4E008BE5FF /* SAMultisectorControl.m */ = {isa = PBXFileReference; fileEncoding = 4; lastKnownFileType = sourcecode.c.objc; path = SAMultisectorControl.m; sourceTree = "<group>"; };
		AE61327F18EE0A4E008BE5FF /* SAMath.h */ = {isa = PBXFileReference; fileEncoding = 4; lastKnownFileType = sourcecode.c.h; path = SAMath.h; sourceTree = "<group>"; };
		AE61328018EE0A4E008BE5FF /* SAMath.m */ = {isa = PBXFileReference; fileEncoding = 4; lastKnownFileType = sourcecode.c.objc; path = SAMath.m; sourceTree = "<group>"; };
		AEB3BBE01936E68F00DAC61C /* PNColor.h */ = {isa = PBXFileReference; fileEncoding = 4; lastKnownFileType = sourcecode.c.h; path = PNColor.h; sourceTree = "<group>"; };
		AEB3BBE11936E68F00DAC61C /* PNColor.m */ = {isa = PBXFileReference; fileEncoding = 4; lastKnownFileType = sourcecode.c.objc; path = PNColor.m; sourceTree = "<group>"; };
		AEB3BBE31936E6AB00DAC61C /* PNChart.h */ = {isa = PBXFileReference; fileEncoding = 4; lastKnownFileType = sourcecode.c.h; path = PNChart.h; sourceTree = "<group>"; };
		AEB3BBE41936E6AB00DAC61C /* PNChartDelegate.h */ = {isa = PBXFileReference; fileEncoding = 4; lastKnownFileType = sourcecode.c.h; path = PNChartDelegate.h; sourceTree = "<group>"; };
		AEB3BBE51936E6AB00DAC61C /* PNChartLabel.h */ = {isa = PBXFileReference; fileEncoding = 4; lastKnownFileType = sourcecode.c.h; path = PNChartLabel.h; sourceTree = "<group>"; };
		AEB3BBE61936E6AB00DAC61C /* PNChartLabel.m */ = {isa = PBXFileReference; fileEncoding = 4; lastKnownFileType = sourcecode.c.objc; path = PNChartLabel.m; sourceTree = "<group>"; };
		AEB3BBE81936E6B600DAC61C /* UICountingLabel.h */ = {isa = PBXFileReference; fileEncoding = 4; lastKnownFileType = sourcecode.c.h; path = UICountingLabel.h; sourceTree = "<group>"; };
		AEB3BBE91936E6B600DAC61C /* UICountingLabel.m */ = {isa = PBXFileReference; fileEncoding = 4; lastKnownFileType = sourcecode.c.objc; path = UICountingLabel.m; sourceTree = "<group>"; };
		AEB3BBEB1936E6C900DAC61C /* PNCircleChart.h */ = {isa = PBXFileReference; fileEncoding = 4; lastKnownFileType = sourcecode.c.h; path = PNCircleChart.h; sourceTree = "<group>"; };
		AEB3BBEC1936E6C900DAC61C /* PNCircleChart.m */ = {isa = PBXFileReference; fileEncoding = 4; lastKnownFileType = sourcecode.c.objc; path = PNCircleChart.m; sourceTree = "<group>"; };
		AEB3BBEE1936E6E100DAC61C /* PNPieChart.h */ = {isa = PBXFileReference; fileEncoding = 4; lastKnownFileType = sourcecode.c.h; path = PNPieChart.h; sourceTree = "<group>"; };
		AEB3BBEF1936E6E100DAC61C /* PNPieChart.m */ = {isa = PBXFileReference; fileEncoding = 4; lastKnownFileType = sourcecode.c.objc; path = PNPieChart.m; sourceTree = "<group>"; };
		AEB3BBF01936E6E100DAC61C /* PNPieChartDataItem.h */ = {isa = PBXFileReference; fileEncoding = 4; lastKnownFileType = sourcecode.c.h; path = PNPieChartDataItem.h; sourceTree = "<group>"; };
		AEB3BBF11936E6E100DAC61C /* PNPieChartDataItem.m */ = {isa = PBXFileReference; fileEncoding = 4; lastKnownFileType = sourcecode.c.objc; path = PNPieChartDataItem.m; sourceTree = "<group>"; };
		AEB3BBF41936E6F500DAC61C /* PNBar.h */ = {isa = PBXFileReference; fileEncoding = 4; lastKnownFileType = sourcecode.c.h; path = PNBar.h; sourceTree = "<group>"; };
		AEB3BBF51936E6F500DAC61C /* PNBar.m */ = {isa = PBXFileReference; fileEncoding = 4; lastKnownFileType = sourcecode.c.objc; path = PNBar.m; sourceTree = "<group>"; };
		AEB3BBF61936E6F500DAC61C /* PNBarChart.h */ = {isa = PBXFileReference; fileEncoding = 4; lastKnownFileType = sourcecode.c.h; path = PNBarChart.h; sourceTree = "<group>"; };
		AEB3BBF71936E6F500DAC61C /* PNBarChart.m */ = {isa = PBXFileReference; fileEncoding = 4; lastKnownFileType = sourcecode.c.objc; path = PNBarChart.m; sourceTree = "<group>"; };
		AEB3BBFA1936E71200DAC61C /* PNLineChart.h */ = {isa = PBXFileReference; fileEncoding = 4; lastKnownFileType = sourcecode.c.h; path = PNLineChart.h; sourceTree = "<group>"; };
		AEB3BBFB1936E71200DAC61C /* PNLineChart.m */ = {isa = PBXFileReference; fileEncoding = 4; lastKnownFileType = sourcecode.c.objc; path = PNLineChart.m; sourceTree = "<group>"; };
		AEB3BBFC1936E71200DAC61C /* PNLineChartData.h */ = {isa = PBXFileReference; fileEncoding = 4; lastKnownFileType = sourcecode.c.h; path = PNLineChartData.h; sourceTree = "<group>"; };
		AEB3BBFD1936E71200DAC61C /* PNLineChartData.m */ = {isa = PBXFileReference; fileEncoding = 4; lastKnownFileType = sourcecode.c.objc; path = PNLineChartData.m; sourceTree = "<group>"; };
		AEB3BBFE1936E71200DAC61C /* PNLineChartDataItem.h */ = {isa = PBXFileReference; fileEncoding = 4; lastKnownFileType = sourcecode.c.h; path = PNLineChartDataItem.h; sourceTree = "<group>"; };
		AEB3BBFF1936E71200DAC61C /* PNLineChartDataItem.m */ = {isa = PBXFileReference; fileEncoding = 4; lastKnownFileType = sourcecode.c.objc; path = PNLineChartDataItem.m; sourceTree = "<group>"; };
		AEB731DC18FE01C500B3A63E /* LPPopupListView.h */ = {isa = PBXFileReference; fileEncoding = 4; lastKnownFileType = sourcecode.c.h; path = LPPopupListView.h; sourceTree = "<group>"; };
		AEB731DD18FE01C500B3A63E /* LPPopupListView.m */ = {isa = PBXFileReference; fileEncoding = 4; lastKnownFileType = sourcecode.c.objc; path = LPPopupListView.m; sourceTree = "<group>"; };
		AEB731DE18FE01C500B3A63E /* LPPopupListViewCell.h */ = {isa = PBXFileReference; fileEncoding = 4; lastKnownFileType = sourcecode.c.h; path = LPPopupListViewCell.h; sourceTree = "<group>"; };
		AEB731DF18FE01C500B3A63E /* LPPopupListViewCell.m */ = {isa = PBXFileReference; fileEncoding = 4; lastKnownFileType = sourcecode.c.objc; path = LPPopupListViewCell.m; sourceTree = "<group>"; };
		AED3BD62190079E5004501BF /* TimeWiser-Info.plist */ = {isa = PBXFileReference; fileEncoding = 4; lastKnownFileType = text.plist.xml; path = "TimeWiser-Info.plist"; sourceTree = "<group>"; };
		AED3BD6519007F89004501BF /* TimeWiserTest-Info.plist */ = {isa = PBXFileReference; fileEncoding = 4; lastKnownFileType = text.plist.xml; name = "TimeWiserTest-Info.plist"; path = "../timeWiserTests/TimeWiserTest-Info.plist"; sourceTree = "<group>"; };
		AEDD5459190AEE1600EB1DBD /* AVFoundation.framework */ = {isa = PBXFileReference; lastKnownFileType = wrapper.framework; name = AVFoundation.framework; path = System/Library/Frameworks/AVFoundation.framework; sourceTree = SDKROOT; };
		AEDD545B190B3A0C00EB1DBD /* beep.mp3 */ = {isa = PBXFileReference; lastKnownFileType = audio.mp3; path = beep.mp3; sourceTree = "<group>"; };
		AEDD545C190B3A0C00EB1DBD /* doublebeep.mp3 */ = {isa = PBXFileReference; lastKnownFileType = audio.mp3; path = doublebeep.mp3; sourceTree = "<group>"; };
/* End PBXFileReference section */

/* Begin PBXFrameworksBuildPhase section */
		AE6131DE18E8C7A3008BE5FF /* Frameworks */ = {
			isa = PBXFrameworksBuildPhase;
			buildActionMask = 2147483647;
			files = (
				AEDD545A190AEE1600EB1DBD /* AVFoundation.framework in Frameworks */,
				AE5DFCA818EFD5E900FA585A /* SystemConfiguration.framework in Frameworks */,
				AE5DFCA318EF791500FA585A /* CoreData.framework in Frameworks */,
				AE61327B18EDC932008BE5FF /* CoreText.framework in Frameworks */,
				AE61327218ED1FCB008BE5FF /* QuartzCore.framework in Frameworks */,
				AE61326018ED0AFE008BE5FF /* Accelerate.framework in Frameworks */,
				AE6131E718E8C7A3008BE5FF /* CoreGraphics.framework in Frameworks */,
				AE6131E918E8C7A3008BE5FF /* UIKit.framework in Frameworks */,
				AE6131E518E8C7A3008BE5FF /* Foundation.framework in Frameworks */,
			);
			runOnlyForDeploymentPostprocessing = 0;
		};
		AE6131FF18E8C7A3008BE5FF /* Frameworks */ = {
			isa = PBXFrameworksBuildPhase;
			buildActionMask = 2147483647;
			files = (
				AE61320418E8C7A3008BE5FF /* XCTest.framework in Frameworks */,
				AE61320618E8C7A3008BE5FF /* UIKit.framework in Frameworks */,
				AE61320518E8C7A3008BE5FF /* Foundation.framework in Frameworks */,
			);
			runOnlyForDeploymentPostprocessing = 0;
		};
/* End PBXFrameworksBuildPhase section */

/* Begin PBXGroup section */
		AE4C04DB1922DD8E00414E06 /* LineChart */ = {
			isa = PBXGroup;
			children = (
				AEB3BBFA1936E71200DAC61C /* PNLineChart.h */,
				AEB3BBFB1936E71200DAC61C /* PNLineChart.m */,
				AEB3BBFC1936E71200DAC61C /* PNLineChartData.h */,
				AEB3BBFD1936E71200DAC61C /* PNLineChartData.m */,
				AEB3BBFE1936E71200DAC61C /* PNLineChartDataItem.h */,
				AEB3BBFF1936E71200DAC61C /* PNLineChartDataItem.m */,
			);
			name = LineChart;
			sourceTree = "<group>";
		};
		AE4C04DF1922DDCD00414E06 /* CircleChart */ = {
			isa = PBXGroup;
			children = (
				AEB3BBEB1936E6C900DAC61C /* PNCircleChart.h */,
				AEB3BBEC1936E6C900DAC61C /* PNCircleChart.m */,
			);
			name = CircleChart;
			sourceTree = "<group>";
		};
		AE4C04EE1922DE4700414E06 /* PieChart */ = {
			isa = PBXGroup;
			children = (
				AEB3BBEE1936E6E100DAC61C /* PNPieChart.h */,
				AEB3BBEF1936E6E100DAC61C /* PNPieChart.m */,
				AEB3BBF01936E6E100DAC61C /* PNPieChartDataItem.h */,
				AEB3BBF11936E6E100DAC61C /* PNPieChartDataItem.m */,
			);
			name = PieChart;
			sourceTree = "<group>";
		};
		AE4C04EF1923D7F900414E06 /* BarChart */ = {
			isa = PBXGroup;
			children = (
				AEB3BBF41936E6F500DAC61C /* PNBar.h */,
				AEB3BBF51936E6F500DAC61C /* PNBar.m */,
				AEB3BBF61936E6F500DAC61C /* PNBarChart.h */,
				AEB3BBF71936E6F500DAC61C /* PNBarChart.m */,
			);
			name = BarChart;
			sourceTree = "<group>";
		};
		AE4EB24E18FF60F20013CA4E /* Date&Time */ = {
			isa = PBXGroup;
			children = (
				AE4EB24F18FF61040013CA4E /* NSDate+MTDates.h */,
				AE4EB25018FF61040013CA4E /* NSDate+MTDates.m */,
				AE4EB25118FF61040013CA4E /* NSDateComponents+MTDates.h */,
				AE4EB25218FF61040013CA4E /* NSDateComponents+MTDates.m */,
			);
			name = "Date&Time";
			sourceTree = "<group>";
		};
		AE5DFC6018EE75C600FA585A /* TableView */ = {
			isa = PBXGroup;
			children = (
				AE5DFC9F18EF30C700FA585A /* TaskCell.h */,
				AE5DFCA018EF30C700FA585A /* TaskCell.m */,
			);
			name = TableView;
			sourceTree = "<group>";
		};
		AE5DFCA918EFD62900FA585A /* FlatColor */ = {
			isa = PBXGroup;
			children = (
				AE5DFCAA18EFD63500FA585A /* UIColor+MLPFlatColors.h */,
				AE5DFCAB18EFD63500FA585A /* UIColor+MLPFlatColors.m */,
			);
			name = FlatColor;
			sourceTree = "<group>";
		};
		AE5DFCAD18F0753F00FA585A /* CheckBox */ = {
			isa = PBXGroup;
			children = (
				AE5DFCAE18F0755000FA585A /* M13Checkbox.h */,
				AE5DFCAF18F0755000FA585A /* M13Checkbox.m */,
			);
			name = CheckBox;
			sourceTree = "<group>";
		};
		AE5DFCB718F12CC300FA585A /* UIButton */ = {
			isa = PBXGroup;
			children = (
				AE5DFCB818F12D2A00FA585A /* JSQFlatButton.h */,
				AE5DFCB918F12D2A00FA585A /* JSQFlatButton.m */,
			);
			name = UIButton;
			sourceTree = "<group>";
		};
		AE5DFCBF18F1DB7800FA585A /* Keyboard */ = {
			isa = PBXGroup;
			children = (
				AE5DFCC618F1DDB900FA585A /* NSData+Base64.h */,
				AE5DFCC718F1DDB900FA585A /* NSData+Base64.m */,
				AE5DFCC018F1DB8800FA585A /* APLKeyboardControls.h */,
				AE5DFCC118F1DB8800FA585A /* APLKeyboardControls.m */,
			);
			name = Keyboard;
			path = ..;
			sourceTree = "<group>";
		};
		AE5DFCD518F2719600FA585A /* Notification */ = {
			isa = PBXGroup;
			children = (
				AE5DFCDF18F271B300FA585A /* Resources */,
				AE5DFD0218F271D900FA585A /* HexColor.h */,
				AE5DFD0318F271D900FA585A /* HexColor.m */,
				AE5DFCD618F271AC00FA585A /* TSBlurView.h */,
				AE5DFCD718F271AC00FA585A /* TSBlurView.m */,
				AE5DFCD818F271AC00FA585A /* TSMessage.h */,
				AE5DFCD918F271AC00FA585A /* TSMessage.m */,
				AE5DFCDA18F271AC00FA585A /* TSMessageView.h */,
				AE5DFCDB18F271AC00FA585A /* TSMessageView.m */,
			);
			name = Notification;
			sourceTree = "<group>";
		};
		AE5DFCDF18F271B300FA585A /* Resources */ = {
			isa = PBXGroup;
			children = (
				AE5DFCE018F271C200FA585A /* NotificationBackgroundError.png */,
				AE5DFCE118F271C200FA585A /* NotificationBackgroundError@2x.png */,
				AE5DFCE218F271C200FA585A /* NotificationBackgroundErrorIcon.png */,
				AE5DFCE318F271C200FA585A /* NotificationBackgroundErrorIcon@2x.png */,
				AE5DFCE418F271C200FA585A /* NotificationBackgroundMessage.png */,
				AE5DFCE518F271C200FA585A /* NotificationBackgroundMessage@2x.png */,
				AE5DFCE618F271C200FA585A /* NotificationBackgroundSuccess.png */,
				AE5DFCE718F271C200FA585A /* NotificationBackgroundSuccess@2x.png */,
				AE5DFCE818F271C200FA585A /* NotificationBackgroundSuccessIcon.png */,
				AE5DFCE918F271C200FA585A /* NotificationBackgroundSuccessIcon@2x.png */,
				AE5DFCEA18F271C200FA585A /* NotificationBackgroundWarning.png */,
				AE5DFCEB18F271C200FA585A /* NotificationBackgroundWarning@2x.png */,
				AE5DFCEC18F271C200FA585A /* NotificationBackgroundWarningIcon.png */,
				AE5DFCED18F271C200FA585A /* NotificationBackgroundWarningIcon@2x.png */,
				AE5DFCEE18F271C200FA585A /* NotificationButtonBackground.png */,
				AE5DFCEF18F271C200FA585A /* NotificationButtonBackground@2x.png */,
				AE5DFCF018F271C200FA585A /* TSMessagesDefaultDesign.json */,
			);
			name = Resources;
			sourceTree = "<group>";
		};
		AE5DFD0518F4682B00FA585A /* ActionSheet */ = {
			isa = PBXGroup;
			children = (
				AE5DFD0618F4687200FA585A /* UIImage+ResizeMagick.h */,
				AE5DFD0718F4687200FA585A /* UIImage+ResizeMagick.m */,
				AE5DFD0818F4687200FA585A /* DoActionSheet.h */,
				AE5DFD0918F4687200FA585A /* DoActionSheet.m */,
			);
			name = ActionSheet;
			sourceTree = "<group>";
		};
		AE6131D818E8C7A3008BE5FF = {
			isa = PBXGroup;
			children = (
				AE6131EA18E8C7A3008BE5FF /* TimeWiser */,
				AE61320918E8C7A3008BE5FF /* TimeWiserTests */,
				AE6131E318E8C7A3008BE5FF /* Frameworks */,
				AE6131E218E8C7A3008BE5FF /* Products */,
			);
			sourceTree = "<group>";
		};
		AE6131E218E8C7A3008BE5FF /* Products */ = {
			isa = PBXGroup;
			children = (
				AE6131E118E8C7A3008BE5FF /* TimeWiser.app */,
				AE61320218E8C7A3008BE5FF /* TimeWiserTests.xctest */,
			);
			name = Products;
			sourceTree = "<group>";
		};
		AE6131E318E8C7A3008BE5FF /* Frameworks */ = {
			isa = PBXGroup;
			children = (
				AEDD5459190AEE1600EB1DBD /* AVFoundation.framework */,
				AE5DFCA718EFD5E900FA585A /* SystemConfiguration.framework */,
				AE5DFCA218EF791500FA585A /* CoreData.framework */,
				AE61327A18EDC932008BE5FF /* CoreText.framework */,
				AE61327118ED1FCB008BE5FF /* QuartzCore.framework */,
				AE61325F18ED0AFE008BE5FF /* Accelerate.framework */,
				AE6131E418E8C7A3008BE5FF /* Foundation.framework */,
				AE6131E618E8C7A3008BE5FF /* CoreGraphics.framework */,
				AE6131E818E8C7A3008BE5FF /* UIKit.framework */,
				AE61320318E8C7A3008BE5FF /* XCTest.framework */,
			);
			name = Frameworks;
			sourceTree = "<group>";
		};
		AE6131EA18E8C7A3008BE5FF /* TimeWiser */ = {
			isa = PBXGroup;
			children = (
				AE4EB24E18FF60F20013CA4E /* Date&Time */,
				AEB731E618FE548100B3A63E /* ChartView */,
				AEB731DB18FE01B000B3A63E /* PopUpView */,
				AE5DFD0518F4682B00FA585A /* ActionSheet */,
				AE5DFCD518F2719600FA585A /* Notification */,
				AE5DFCBF18F1DB7800FA585A /* Keyboard */,
				AE5DFCB718F12CC300FA585A /* UIButton */,
				AE5DFCAD18F0753F00FA585A /* CheckBox */,
				AE5DFCA918EFD62900FA585A /* FlatColor */,
				AE5DFC6018EE75C600FA585A /* TableView */,
				AE61327C18EE0A32008BE5FF /* TimeSelection */,
				AE61327318ED21EB008BE5FF /* FloatTextField */,
				AE61327018ED1F39008BE5FF /* BlurSegue */,
				AE61323018EBBAE5008BE5FF /* Counter */,
				AE61321918E8CA10008BE5FF /* segmentedControl */,
				AE61322618E9F152008BE5FF /* VCs */,
				AE6131FC18E8C7A3008BE5FF /* Images.xcassets */,
				AE6131EB18E8C7A3008BE5FF /* Supporting Files */,
			);
			path = TimeWiser;
			sourceTree = "<group>";
		};
		AE6131EB18E8C7A3008BE5FF /* Supporting Files */ = {
			isa = PBXGroup;
			children = (
				AEDD545B190B3A0C00EB1DBD /* beep.mp3 */,
				AEDD545C190B3A0C00EB1DBD /* doublebeep.mp3 */,
				AED3BD62190079E5004501BF /* TimeWiser-Info.plist */,
				AE6131F318E8C7A3008BE5FF /* CDAppDelegate.h */,
				AE6131F418E8C7A3008BE5FF /* CDAppDelegate.m */,
				AE5DFCA418EF8B4900FA585A /* tasks.xcdatamodeld */,
				AE6131F618E8C7A3008BE5FF /* Main.storyboard */,
				AE6131ED18E8C7A3008BE5FF /* InfoPlist.strings */,
				AE6131F018E8C7A3008BE5FF /* main.m */,
				AE6131F218E8C7A3008BE5FF /* TimeWiser-Prefix.pch */,
			);
			name = "Supporting Files";
			sourceTree = "<group>";
		};
		AE61320918E8C7A3008BE5FF /* TimeWiserTests */ = {
			isa = PBXGroup;
			children = (
				AE61320F18E8C7A3008BE5FF /* TimeWiserTests.m */,
				AE61320A18E8C7A3008BE5FF /* Supporting Files */,
			);
			path = TimeWiserTests;
			sourceTree = "<group>";
		};
		AE61320A18E8C7A3008BE5FF /* Supporting Files */ = {
			isa = PBXGroup;
			children = (
				AED3BD6519007F89004501BF /* TimeWiserTest-Info.plist */,
				AE61320C18E8C7A3008BE5FF /* InfoPlist.strings */,
			);
			name = "Supporting Files";
			sourceTree = "<group>";
		};
		AE61321918E8CA10008BE5FF /* segmentedControl */ = {
			isa = PBXGroup;
			children = (
				AE61322018E9EFAC008BE5FF /* ViewPagerController.h */,
				AE61322118E9EFAC008BE5FF /* ViewPagerController.m */,
			);
			name = segmentedControl;
			sourceTree = "<group>";
		};
		AE61322618E9F152008BE5FF /* VCs */ = {
			isa = PBXGroup;
			children = (
				AE5DFC8918EE934600FA585A /* TasksViewController.h */,
				AE5DFC8A18EE934600FA585A /* TasksViewController.m */,
				AE61325C18ED0260008BE5FF /* NewTaskViewController.h */,
				AE61325D18ED0260008BE5FF /* NewTaskViewController.m */,
				AE61322D18EA8B78008BE5FF /* TodayViewController.h */,
				AE61322E18EA8B78008BE5FF /* TodayViewController.m */,
				AE61322318E9F147008BE5FF /* ContentViewController.h */,
				AE61322418E9F147008BE5FF /* ContentViewController.m */,
				AE6131F918E8C7A3008BE5FF /* CDViewController.h */,
				AE6131FA18E8C7A3008BE5FF /* CDViewController.m */,
				AE61325918ED0196008BE5FF /* CDNavigationViewController.h */,
				AE61325A18ED0196008BE5FF /* CDNavigationViewController.m */,
			);
			name = VCs;
			sourceTree = "<group>";
		};
		AE61323018EBBAE5008BE5FF /* Counter */ = {
			isa = PBXGroup;
			children = (
				AE61324018EBE1F9008BE5FF /* TTTAttributedLabel.h */,
				AE61324118EBE1F9008BE5FF /* TTTAttributedLabel.m */,
				AE61323118EBBB0E008BE5FF /* SFCounterLabel.h */,
				AE61323218EBBB0E008BE5FF /* SFCounterLabel.m */,
				AE61323318EBBB0E008BE5FF /* SFRoundProgressCounterView.h */,
				AE61323418EBBB0E008BE5FF /* SFRoundProgressCounterView.m */,
				AE61323518EBBB0E008BE5FF /* SFRoundProgressLayer.h */,
				AE61323618EBBB0E008BE5FF /* SFRoundProgressLayer.m */,
				AE61323718EBBB0E008BE5FF /* SFRoundProgressView.h */,
				AE61323818EBBB0E008BE5FF /* SFRoundProgressView.m */,
			);
			name = Counter;
			sourceTree = "<group>";
		};
		AE61327018ED1F39008BE5FF /* BlurSegue */ = {
			isa = PBXGroup;
			children = (
				AE61326A18ED1F34008BE5FF /* UIImage+BlurredFrame.h */,
				AE61326B18ED1F34008BE5FF /* UIImage+BlurredFrame.m */,
				AE61326C18ED1F34008BE5FF /* UIImage+ImageEffects.h */,
				AE61326D18ED1F34008BE5FF /* UIImage+ImageEffects.m */,
				AE61326418ED1F26008BE5FF /* MZAppearance.h */,
				AE61326518ED1F26008BE5FF /* MZAppearance.m */,
				AE61326618ED1F26008BE5FF /* NSInvocation+Copy.h */,
				AE61326718ED1F26008BE5FF /* NSInvocation+Copy.m */,
				AE61326118ED1E43008BE5FF /* BlurryModalSegue.h */,
				AE61326218ED1E43008BE5FF /* BlurryModalSegue.m */,
			);
			name = BlurSegue;
			sourceTree = "<group>";
		};
		AE61327318ED21EB008BE5FF /* FloatTextField */ = {
			isa = PBXGroup;
			children = (
				AE5DFCD218F2575700FA585A /* JVFloatLabeledTextField.h */,
				AE5DFCD318F2575700FA585A /* JVFloatLabeledTextField.m */,
				AE61327618ED2206008BE5FF /* JVFloatLabeledTextView.h */,
				AE61327718ED2206008BE5FF /* JVFloatLabeledTextView.m */,
			);
			name = FloatTextField;
			sourceTree = "<group>";
		};
		AE61327C18EE0A32008BE5FF /* TimeSelection */ = {
			isa = PBXGroup;
			children = (
				AE61327D18EE0A4E008BE5FF /* SAMultisectorControl.h */,
				AE61327E18EE0A4E008BE5FF /* SAMultisectorControl.m */,
				AE61327F18EE0A4E008BE5FF /* SAMath.h */,
				AE61328018EE0A4E008BE5FF /* SAMath.m */,
			);
			name = TimeSelection;
			sourceTree = "<group>";
		};
		AEB731DB18FE01B000B3A63E /* PopUpView */ = {
			isa = PBXGroup;
			children = (
				AEB731DC18FE01C500B3A63E /* LPPopupListView.h */,
				AEB731DD18FE01C500B3A63E /* LPPopupListView.m */,
				AEB731DE18FE01C500B3A63E /* LPPopupListViewCell.h */,
				AEB731DF18FE01C500B3A63E /* LPPopupListViewCell.m */,
			);
			name = PopUpView;
			path = ..;
			sourceTree = "<group>";
		};
		AEB731E618FE548100B3A63E /* ChartView */ = {
			isa = PBXGroup;
			children = (
				AEB3BBE81936E6B600DAC61C /* UICountingLabel.h */,
				AEB3BBE91936E6B600DAC61C /* UICountingLabel.m */,
				AEB3BBE31936E6AB00DAC61C /* PNChart.h */,
				AEB3BBE41936E6AB00DAC61C /* PNChartDelegate.h */,
				AEB3BBE51936E6AB00DAC61C /* PNChartLabel.h */,
				AEB3BBE61936E6AB00DAC61C /* PNChartLabel.m */,
				AEB3BBE01936E68F00DAC61C /* PNColor.h */,
				AEB3BBE11936E68F00DAC61C /* PNColor.m */,
				AE4C04DF1922DDCD00414E06 /* CircleChart */,
				AE4C04DB1922DD8E00414E06 /* LineChart */,
				AE4C04EE1922DE4700414E06 /* PieChart */,
				AE4C04EF1923D7F900414E06 /* BarChart */,
			);
			name = ChartView;
			sourceTree = "<group>";
		};
/* End PBXGroup section */

/* Begin PBXNativeTarget section */
		AE6131E018E8C7A3008BE5FF /* TimeWiser */ = {
			isa = PBXNativeTarget;
			buildConfigurationList = AE61321318E8C7A3008BE5FF /* Build configuration list for PBXNativeTarget "TimeWiser" */;
			buildPhases = (
				AE6131DD18E8C7A3008BE5FF /* Sources */,
				AE6131DE18E8C7A3008BE5FF /* Frameworks */,
				AE6131DF18E8C7A3008BE5FF /* Resources */,
			);
			buildRules = (
			);
			dependencies = (
			);
			name = TimeWiser;
			productName = TimeWiser;
			productReference = AE6131E118E8C7A3008BE5FF /* TimeWiser.app */;
			productType = "com.apple.product-type.application";
		};
		AE61320118E8C7A3008BE5FF /* TimeWiserTests */ = {
			isa = PBXNativeTarget;
			buildConfigurationList = AE61321618E8C7A3008BE5FF /* Build configuration list for PBXNativeTarget "TimeWiserTests" */;
			buildPhases = (
				AE6131FE18E8C7A3008BE5FF /* Sources */,
				AE6131FF18E8C7A3008BE5FF /* Frameworks */,
				AE61320018E8C7A3008BE5FF /* Resources */,
			);
			buildRules = (
			);
			dependencies = (
				AE61320818E8C7A3008BE5FF /* PBXTargetDependency */,
			);
			name = TimeWiserTests;
			productName = TimeWiserTests;
			productReference = AE61320218E8C7A3008BE5FF /* TimeWiserTests.xctest */;
			productType = "com.apple.product-type.bundle.unit-test";
		};
/* End PBXNativeTarget section */

/* Begin PBXProject section */
		AE6131D918E8C7A3008BE5FF /* Project object */ = {
			isa = PBXProject;
			attributes = {
				CLASSPREFIX = CD;
				LastUpgradeCheck = 0510;
				ORGANIZATIONNAME = CDFLS;
				TargetAttributes = {
					AE6131E018E8C7A3008BE5FF = {
						DevelopmentTeam = AQNTGEWRNX;
					};
					AE61320118E8C7A3008BE5FF = {
						TestTargetID = AE6131E018E8C7A3008BE5FF;
					};
				};
			};
			buildConfigurationList = AE6131DC18E8C7A3008BE5FF /* Build configuration list for PBXProject "TimeWiser" */;
			compatibilityVersion = "Xcode 3.2";
			developmentRegion = English;
			hasScannedForEncodings = 0;
			knownRegions = (
				en,
				Base,
			);
			mainGroup = AE6131D818E8C7A3008BE5FF;
			productRefGroup = AE6131E218E8C7A3008BE5FF /* Products */;
			projectDirPath = "";
			projectRoot = "";
			targets = (
				AE6131E018E8C7A3008BE5FF /* TimeWiser */,
				AE61320118E8C7A3008BE5FF /* TimeWiserTests */,
			);
		};
/* End PBXProject section */

/* Begin PBXResourcesBuildPhase section */
		AE6131DF18E8C7A3008BE5FF /* Resources */ = {
			isa = PBXResourcesBuildPhase;
			buildActionMask = 2147483647;
			files = (
				AED3BD6419007B75004501BF /* Main.storyboard in Resources */,
				AE5DFCF518F271C200FA585A /* NotificationBackgroundMessage.png in Resources */,
				AEDD545D190B3A0C00EB1DBD /* beep.mp3 in Resources */,
				AE5DFCFA18F271C200FA585A /* NotificationBackgroundSuccessIcon@2x.png in Resources */,
				AE5DFD0118F271C200FA585A /* TSMessagesDefaultDesign.json in Resources */,
				AE6131FD18E8C7A3008BE5FF /* Images.xcassets in Resources */,
				AE5DFCF818F271C200FA585A /* NotificationBackgroundSuccess@2x.png in Resources */,
				AE5DFD0018F271C200FA585A /* NotificationButtonBackground@2x.png in Resources */,
				AE5DFCFC18F271C200FA585A /* NotificationBackgroundWarning@2x.png in Resources */,
				AE5DFCF418F271C200FA585A /* NotificationBackgroundErrorIcon@2x.png in Resources */,
				AEDD545E190B3A0C00EB1DBD /* doublebeep.mp3 in Resources */,
				AED3BD6619007F89004501BF /* TimeWiserTest-Info.plist in Resources */,
				AE5DFCFF18F271C200FA585A /* NotificationButtonBackground.png in Resources */,
				AE5DFCF218F271C200FA585A /* NotificationBackgroundError@2x.png in Resources */,
				AE5DFCF718F271C200FA585A /* NotificationBackgroundSuccess.png in Resources */,
				AE5DFCF318F271C200FA585A /* NotificationBackgroundErrorIcon.png in Resources */,
				AE6131EF18E8C7A3008BE5FF /* InfoPlist.strings in Resources */,
				AE5DFCF618F271C200FA585A /* NotificationBackgroundMessage@2x.png in Resources */,
				AE5DFCF918F271C200FA585A /* NotificationBackgroundSuccessIcon.png in Resources */,
				AE5DFCFE18F271C200FA585A /* NotificationBackgroundWarningIcon@2x.png in Resources */,
				AE5DFCF118F271C200FA585A /* NotificationBackgroundError.png in Resources */,
				AE5DFCFD18F271C200FA585A /* NotificationBackgroundWarningIcon.png in Resources */,
				AE5DFCFB18F271C200FA585A /* NotificationBackgroundWarning.png in Resources */,
			);
			runOnlyForDeploymentPostprocessing = 0;
		};
		AE61320018E8C7A3008BE5FF /* Resources */ = {
			isa = PBXResourcesBuildPhase;
			buildActionMask = 2147483647;
			files = (
				AE61320E18E8C7A3008BE5FF /* InfoPlist.strings in Resources */,
			);
			runOnlyForDeploymentPostprocessing = 0;
		};
/* End PBXResourcesBuildPhase section */

/* Begin PBXSourcesBuildPhase section */
		AE6131DD18E8C7A3008BE5FF /* Sources */ = {
			isa = PBXSourcesBuildPhase;
			buildActionMask = 2147483647;
			files = (
				AE61326818ED1F26008BE5FF /* MZAppearance.m in Sources */,
				AE61322F18EA8B78008BE5FF /* TodayViewController.m in Sources */,
				AE61326F18ED1F34008BE5FF /* UIImage+ImageEffects.m in Sources */,
				AE5DFC8B18EE934600FA585A /* TasksViewController.m in Sources */,
				AE61326E18ED1F34008BE5FF /* UIImage+BlurredFrame.m in Sources */,
				AE6131F118E8C7A3008BE5FF /* main.m in Sources */,
				AEB3BBF31936E6E100DAC61C /* PNPieChartDataItem.m in Sources */,
				AE61328118EE0A4E008BE5FF /* SAMultisectorControl.m in Sources */,
				AE61322518E9F147008BE5FF /* ContentViewController.m in Sources */,
				AE5DFCAC18EFD63500FA585A /* UIColor+MLPFlatColors.m in Sources */,
				AE5DFCA118EF30C700FA585A /* TaskCell.m in Sources */,
				AE6131F518E8C7A3008BE5FF /* CDAppDelegate.m in Sources */,
				AE5DFCB018F0755000FA585A /* M13Checkbox.m in Sources */,
				AE61323B18EBBB0E008BE5FF /* SFRoundProgressLayer.m in Sources */,
				AE61327918ED2206008BE5FF /* JVFloatLabeledTextView.m in Sources */,
				AE61323918EBBB0E008BE5FF /* SFCounterLabel.m in Sources */,
				AEB731E118FE01C500B3A63E /* LPPopupListViewCell.m in Sources */,
				AE5DFD0418F271D900FA585A /* HexColor.m in Sources */,
				AEB3BBED1936E6C900DAC61C /* PNCircleChart.m in Sources */,
				AEB3BC001936E71200DAC61C /* PNLineChart.m in Sources */,
				AE61322218E9EFAC008BE5FF /* ViewPagerController.m in Sources */,
				AE5DFCC818F1DDB900FA585A /* NSData+Base64.m in Sources */,
				AE6131FB18E8C7A3008BE5FF /* CDViewController.m in Sources */,
				AE5DFCDD18F271AC00FA585A /* TSMessage.m in Sources */,
				AEB3BBE21936E68F00DAC61C /* PNColor.m in Sources */,
				AEB3BBF81936E6F500DAC61C /* PNBar.m in Sources */,
				AE5DFCDC18F271AC00FA585A /* TSBlurView.m in Sources */,
				AE5DFCD418F2575700FA585A /* JVFloatLabeledTextField.m in Sources */,
				AEB3BBF21936E6E100DAC61C /* PNPieChart.m in Sources */,
				AE61326318ED1E43008BE5FF /* BlurryModalSegue.m in Sources */,
				AE61323C18EBBB0E008BE5FF /* SFRoundProgressView.m in Sources */,
				AE4EB25418FF61040013CA4E /* NSDateComponents+MTDates.m in Sources */,
				AE5DFCC218F1DB8800FA585A /* APLKeyboardControls.m in Sources */,
				AEB3BBE71936E6AB00DAC61C /* PNChartLabel.m in Sources */,
				AE61325B18ED0196008BE5FF /* CDNavigationViewController.m in Sources */,
				AE5DFD0A18F4687200FA585A /* UIImage+ResizeMagick.m in Sources */,
				AE61328218EE0A4E008BE5FF /* SAMath.m in Sources */,
				AE61325E18ED0260008BE5FF /* NewTaskViewController.m in Sources */,
				AEB3BBEA1936E6B600DAC61C /* UICountingLabel.m in Sources */,
				AE5DFCDE18F271AC00FA585A /* TSMessageView.m in Sources */,
				AE4EB25318FF61040013CA4E /* NSDate+MTDates.m in Sources */,
				AEB3BC021936E71200DAC61C /* PNLineChartDataItem.m in Sources */,
				AEB731E018FE01C500B3A63E /* LPPopupListView.m in Sources */,
				AE5DFCBA18F12D2A00FA585A /* JSQFlatButton.m in Sources */,
				AE61326918ED1F26008BE5FF /* NSInvocation+Copy.m in Sources */,
				AEB3BBF91936E6F500DAC61C /* PNBarChart.m in Sources */,
				AE5DFD0B18F4687200FA585A /* DoActionSheet.m in Sources */,
				AE5DFCA618EF8B4900FA585A /* tasks.xcdatamodeld in Sources */,
				AE61323A18EBBB0E008BE5FF /* SFRoundProgressCounterView.m in Sources */,
				AEB3BC011936E71200DAC61C /* PNLineChartData.m in Sources */,
				AE61324218EBE1F9008BE5FF /* TTTAttributedLabel.m in Sources */,
			);
			runOnlyForDeploymentPostprocessing = 0;
		};
		AE6131FE18E8C7A3008BE5FF /* Sources */ = {
			isa = PBXSourcesBuildPhase;
			buildActionMask = 2147483647;
			files = (
				AE61321018E8C7A3008BE5FF /* TimeWiserTests.m in Sources */,
			);
			runOnlyForDeploymentPostprocessing = 0;
		};
/* End PBXSourcesBuildPhase section */

/* Begin PBXTargetDependency section */
		AE61320818E8C7A3008BE5FF /* PBXTargetDependency */ = {
			isa = PBXTargetDependency;
			target = AE6131E018E8C7A3008BE5FF /* TimeWiser */;
			targetProxy = AE61320718E8C7A3008BE5FF /* PBXContainerItemProxy */;
		};
/* End PBXTargetDependency section */

/* Begin PBXVariantGroup section */
		AE6131ED18E8C7A3008BE5FF /* InfoPlist.strings */ = {
			isa = PBXVariantGroup;
			children = (
				AE6131EE18E8C7A3008BE5FF /* en */,
			);
			name = InfoPlist.strings;
			sourceTree = "<group>";
		};
		AE6131F618E8C7A3008BE5FF /* Main.storyboard */ = {
			isa = PBXVariantGroup;
			children = (
				AE6131F718E8C7A3008BE5FF /* Base */,
			);
			name = Main.storyboard;
			sourceTree = "<group>";
		};
		AE61320C18E8C7A3008BE5FF /* InfoPlist.strings */ = {
			isa = PBXVariantGroup;
			children = (
				AE61320D18E8C7A3008BE5FF /* en */,
			);
			name = InfoPlist.strings;
			sourceTree = "<group>";
		};
/* End PBXVariantGroup section */

/* Begin XCBuildConfiguration section */
		AE61321118E8C7A3008BE5FF /* Debug */ = {
			isa = XCBuildConfiguration;
			buildSettings = {
				ALWAYS_SEARCH_USER_PATHS = NO;
				CLANG_CXX_LANGUAGE_STANDARD = "gnu++0x";
				CLANG_CXX_LIBRARY = "libc++";
				CLANG_ENABLE_MODULES = YES;
				CLANG_ENABLE_OBJC_ARC = YES;
				CLANG_WARN_BOOL_CONVERSION = YES;
				CLANG_WARN_CONSTANT_CONVERSION = YES;
				CLANG_WARN_DIRECT_OBJC_ISA_USAGE = YES_ERROR;
				CLANG_WARN_EMPTY_BODY = YES;
				CLANG_WARN_ENUM_CONVERSION = YES;
				CLANG_WARN_INT_CONVERSION = YES;
				CLANG_WARN_OBJC_ROOT_CLASS = YES_ERROR;
				CLANG_WARN__DUPLICATE_METHOD_MATCH = YES;
				CODE_SIGN_IDENTITY = "iPhone Distribution: Zhe Liu (AQNTGEWRNX)";
				"CODE_SIGN_IDENTITY[sdk=iphoneos*]" = "iPhone Distribution: Zhe Liu (AQNTGEWRNX)";
				COPY_PHASE_STRIP = NO;
				GCC_C_LANGUAGE_STANDARD = gnu99;
				GCC_DYNAMIC_NO_PIC = NO;
				GCC_OPTIMIZATION_LEVEL = 0;
				GCC_PREPROCESSOR_DEFINITIONS = (
					"DEBUG=1",
					"$(inherited)",
				);
				GCC_SYMBOLS_PRIVATE_EXTERN = NO;
				GCC_WARN_64_TO_32_BIT_CONVERSION = YES;
				GCC_WARN_ABOUT_RETURN_TYPE = YES_ERROR;
				GCC_WARN_UNDECLARED_SELECTOR = YES;
				GCC_WARN_UNINITIALIZED_AUTOS = YES_AGGRESSIVE;
				GCC_WARN_UNUSED_FUNCTION = YES;
				GCC_WARN_UNUSED_VARIABLE = YES;
				IPHONEOS_DEPLOYMENT_TARGET = 7.0;
				ONLY_ACTIVE_ARCH = YES;
				PROVISIONING_PROFILE = "";
				SDKROOT = iphoneos;
			};
			name = Debug;
		};
		AE61321218E8C7A3008BE5FF /* Release */ = {
			isa = XCBuildConfiguration;
			buildSettings = {
				ALWAYS_SEARCH_USER_PATHS = NO;
				CLANG_CXX_LANGUAGE_STANDARD = "gnu++0x";
				CLANG_CXX_LIBRARY = "libc++";
				CLANG_ENABLE_MODULES = YES;
				CLANG_ENABLE_OBJC_ARC = YES;
				CLANG_WARN_BOOL_CONVERSION = YES;
				CLANG_WARN_CONSTANT_CONVERSION = YES;
				CLANG_WARN_DIRECT_OBJC_ISA_USAGE = YES_ERROR;
				CLANG_WARN_EMPTY_BODY = YES;
				CLANG_WARN_ENUM_CONVERSION = YES;
				CLANG_WARN_INT_CONVERSION = YES;
				CLANG_WARN_OBJC_ROOT_CLASS = YES_ERROR;
				CLANG_WARN__DUPLICATE_METHOD_MATCH = YES;
				CODE_SIGN_IDENTITY = "iPhone Distribution: Zhe Liu (AQNTGEWRNX)";
				"CODE_SIGN_IDENTITY[sdk=iphoneos*]" = "iPhone Distribution: Zhe Liu (AQNTGEWRNX)";
				COPY_PHASE_STRIP = YES;
				ENABLE_NS_ASSERTIONS = NO;
				GCC_C_LANGUAGE_STANDARD = gnu99;
				GCC_WARN_64_TO_32_BIT_CONVERSION = YES;
				GCC_WARN_ABOUT_RETURN_TYPE = YES_ERROR;
				GCC_WARN_UNDECLARED_SELECTOR = YES;
				GCC_WARN_UNINITIALIZED_AUTOS = YES_AGGRESSIVE;
				GCC_WARN_UNUSED_FUNCTION = YES;
				GCC_WARN_UNUSED_VARIABLE = YES;
				IPHONEOS_DEPLOYMENT_TARGET = 7.0;
				PROVISIONING_PROFILE = "";
				SDKROOT = iphoneos;
				VALIDATE_PRODUCT = YES;
			};
			name = Release;
		};
		AE61321418E8C7A3008BE5FF /* Debug */ = {
			isa = XCBuildConfiguration;
			buildSettings = {
				ASSETCATALOG_COMPILER_APPICON_NAME = AppIcon;
				ASSETCATALOG_COMPILER_LAUNCHIMAGE_NAME = LaunchImage;
				CODE_SIGN_IDENTITY = "iPhone Developer";
				"CODE_SIGN_IDENTITY[sdk=iphoneos*]" = "iPhone Developer";
				GCC_PRECOMPILE_PREFIX_HEADER = YES;
				GCC_PREFIX_HEADER = "TimeWiser/TimeWiser-Prefix.pch";
				INFOPLIST_FILE = "TimeWiser/TimeWiser-Info.plist";
				IPHONEOS_DEPLOYMENT_TARGET = 7.0;
				PRODUCT_NAME = TimeWiser;
				PROVISIONING_PROFILE = "";
				WRAPPER_EXTENSION = app;
			};
			name = Debug;
		};
		AE61321518E8C7A3008BE5FF /* Release */ = {
			isa = XCBuildConfiguration;
			buildSettings = {
				ASSETCATALOG_COMPILER_APPICON_NAME = AppIcon;
				ASSETCATALOG_COMPILER_LAUNCHIMAGE_NAME = LaunchImage;
				CODE_SIGN_IDENTITY = "iPhone Developer";
				"CODE_SIGN_IDENTITY[sdk=iphoneos*]" = "iPhone Developer";
				GCC_PRECOMPILE_PREFIX_HEADER = YES;
				GCC_PREFIX_HEADER = "TimeWiser/TimeWiser-Prefix.pch";
				INFOPLIST_FILE = "TimeWiser/TimeWiser-Info.plist";
				IPHONEOS_DEPLOYMENT_TARGET = 7.0;
				PRODUCT_NAME = TimeWiser;
				PROVISIONING_PROFILE = "";
				WRAPPER_EXTENSION = app;
			};
			name = Release;
		};
		AE61321718E8C7A3008BE5FF /* Debug */ = {
			isa = XCBuildConfiguration;
			buildSettings = {
				BUNDLE_LOADER = "$(BUILT_PRODUCTS_DIR)/TimeWiser.app/TimeWiser";
				FRAMEWORK_SEARCH_PATHS = (
					"$(SDKROOT)/Developer/Library/Frameworks",
					"$(inherited)",
					"$(DEVELOPER_FRAMEWORKS_DIR)",
				);
				GCC_PRECOMPILE_PREFIX_HEADER = YES;
				GCC_PREFIX_HEADER = "TimeWiser/TimeWiser-Prefix.pch";
				GCC_PREPROCESSOR_DEFINITIONS = (
					"DEBUG=1",
					"$(inherited)",
				);
				INFOPLIST_FILE = "TimeWiserTests/TimeWiserTests-Info.plist";
				PRODUCT_NAME = TimeWiserTests;
				TEST_HOST = "$(BUNDLE_LOADER)";
				WRAPPER_EXTENSION = xctest;
			};
			name = Debug;
		};
		AE61321818E8C7A3008BE5FF /* Release */ = {
			isa = XCBuildConfiguration;
			buildSettings = {
				BUNDLE_LOADER = "$(BUILT_PRODUCTS_DIR)/TimeWiser.app/TimeWiser";
				FRAMEWORK_SEARCH_PATHS = (
					"$(SDKROOT)/Developer/Library/Frameworks",
					"$(inherited)",
					"$(DEVELOPER_FRAMEWORKS_DIR)",
				);
				GCC_PRECOMPILE_PREFIX_HEADER = YES;
				GCC_PREFIX_HEADER = "TimeWiser/TimeWiser-Prefix.pch";
				INFOPLIST_FILE = "TimeWiserTests/TimeWiserTests-Info.plist";
				PRODUCT_NAME = TimeWiserTests;
				TEST_HOST = "$(BUNDLE_LOADER)";
				WRAPPER_EXTENSION = xctest;
			};
			name = Release;
		};
		AEDD545F190E035600EB1DBD /* Distribution */ = {
			isa = XCBuildConfiguration;
			buildSettings = {
				ALWAYS_SEARCH_USER_PATHS = NO;
				CLANG_CXX_LANGUAGE_STANDARD = "gnu++0x";
				CLANG_CXX_LIBRARY = "libc++";
				CLANG_ENABLE_MODULES = YES;
				CLANG_ENABLE_OBJC_ARC = YES;
				CLANG_WARN_BOOL_CONVERSION = YES;
				CLANG_WARN_CONSTANT_CONVERSION = YES;
				CLANG_WARN_DIRECT_OBJC_ISA_USAGE = YES_ERROR;
				CLANG_WARN_EMPTY_BODY = YES;
				CLANG_WARN_ENUM_CONVERSION = YES;
				CLANG_WARN_INT_CONVERSION = YES;
				CLANG_WARN_OBJC_ROOT_CLASS = YES_ERROR;
				CLANG_WARN__DUPLICATE_METHOD_MATCH = YES;
				CODE_SIGN_IDENTITY = "iPhone Distribution: Zhe Liu (AQNTGEWRNX)";
				"CODE_SIGN_IDENTITY[sdk=iphoneos*]" = "iPhone Distribution: Zhe Liu (AQNTGEWRNX)";
				COPY_PHASE_STRIP = YES;
				ENABLE_NS_ASSERTIONS = NO;
				GCC_C_LANGUAGE_STANDARD = gnu99;
				GCC_WARN_64_TO_32_BIT_CONVERSION = YES;
				GCC_WARN_ABOUT_RETURN_TYPE = YES_ERROR;
				GCC_WARN_UNDECLARED_SELECTOR = YES;
				GCC_WARN_UNINITIALIZED_AUTOS = YES_AGGRESSIVE;
				GCC_WARN_UNUSED_FUNCTION = YES;
				GCC_WARN_UNUSED_VARIABLE = YES;
				IPHONEOS_DEPLOYMENT_TARGET = 7.0;
				PROVISIONING_PROFILE = "";
				SDKROOT = iphoneos;
				VALIDATE_PRODUCT = YES;
			};
			name = Distribution;
		};
		AEDD5460190E035600EB1DBD /* Distribution */ = {
			isa = XCBuildConfiguration;
			buildSettings = {
				ASSETCATALOG_COMPILER_APPICON_NAME = AppIcon;
				ASSETCATALOG_COMPILER_LAUNCHIMAGE_NAME = LaunchImage;
				CODE_SIGN_IDENTITY = "iPhone Developer";
				"CODE_SIGN_IDENTITY[sdk=iphoneos*]" = "iPhone Developer";
				GCC_PRECOMPILE_PREFIX_HEADER = YES;
				GCC_PREFIX_HEADER = "TimeWiser/TimeWiser-Prefix.pch";
				INFOPLIST_FILE = "TimeWiser/TimeWiser-Info.plist";
				IPHONEOS_DEPLOYMENT_TARGET = 7.0;
				PRODUCT_NAME = TimeWiser;
				PROVISIONING_PROFILE = "";
				WRAPPER_EXTENSION = app;
			};
			name = Distribution;
		};
		AEDD5461190E035600EB1DBD /* Distribution */ = {
			isa = XCBuildConfiguration;
			buildSettings = {
				BUNDLE_LOADER = "$(BUILT_PRODUCTS_DIR)/TimeWiser.app/TimeWiser";
				FRAMEWORK_SEARCH_PATHS = (
					"$(SDKROOT)/Developer/Library/Frameworks",
					"$(inherited)",
					"$(DEVELOPER_FRAMEWORKS_DIR)",
				);
				GCC_PRECOMPILE_PREFIX_HEADER = YES;
				GCC_PREFIX_HEADER = "TimeWiser/TimeWiser-Prefix.pch";
				INFOPLIST_FILE = "TimeWiserTests/TimeWiserTests-Info.plist";
				PRODUCT_NAME = TimeWiserTests;
				TEST_HOST = "$(BUNDLE_LOADER)";
				WRAPPER_EXTENSION = xctest;
			};
			name = Distribution;
		};
/* End XCBuildConfiguration section */

/* Begin XCConfigurationList section */
		AE6131DC18E8C7A3008BE5FF /* Build configuration list for PBXProject "TimeWiser" */ = {
			isa = XCConfigurationList;
			buildConfigurations = (
				AE61321118E8C7A3008BE5FF /* Debug */,
				AE61321218E8C7A3008BE5FF /* Release */,
				AEDD545F190E035600EB1DBD /* Distribution */,
			);
			defaultConfigurationIsVisible = 0;
			defaultConfigurationName = Release;
		};
		AE61321318E8C7A3008BE5FF /* Build configuration list for PBXNativeTarget "TimeWiser" */ = {
			isa = XCConfigurationList;
			buildConfigurations = (
				AE61321418E8C7A3008BE5FF /* Debug */,
				AE61321518E8C7A3008BE5FF /* Release */,
				AEDD5460190E035600EB1DBD /* Distribution */,
			);
			defaultConfigurationIsVisible = 0;
			defaultConfigurationName = Release;
		};
		AE61321618E8C7A3008BE5FF /* Build configuration list for PBXNativeTarget "TimeWiserTests" */ = {
			isa = XCConfigurationList;
			buildConfigurations = (
				AE61321718E8C7A3008BE5FF /* Debug */,
				AE61321818E8C7A3008BE5FF /* Release */,
				AEDD5461190E035600EB1DBD /* Distribution */,
			);
			defaultConfigurationIsVisible = 0;
			defaultConfigurationName = Release;
		};
/* End XCConfigurationList section */

/* Begin XCVersionGroup section */
		AE5DFCA418EF8B4900FA585A /* tasks.xcdatamodeld */ = {
			isa = XCVersionGroup;
			children = (
				AE5DFCA518EF8B4900FA585A /* tasks.xcdatamodel */,
			);
			currentVersion = AE5DFCA518EF8B4900FA585A /* tasks.xcdatamodel */;
			path = tasks.xcdatamodeld;
			sourceTree = "<group>";
			versionGroupType = wrapper.xcdatamodel;
		};
/* End XCVersionGroup section */
	};
	rootObject = AE6131D918E8C7A3008BE5FF /* Project object */;
}
