// !$*UTF8*$!
{
	archiveVersion = 1;
	classes = {
	};
	objectVersion = 46;
	objects = {

/* Begin PBXBuildFile section */
		AE5DFC8B18EE934600FA585A /* TasksViewController.m in Sources */ = {isa = PBXBuildFile; fileRef = AE5DFC8A18EE934600FA585A /* TasksViewController.m */; };
		AE5DFCA118EF30C700FA585A /* TaskCell.m in Sources */ = {isa = PBXBuildFile; fileRef = AE5DFCA018EF30C700FA585A /* TaskCell.m */; };
		AE5DFCA318EF791500FA585A /* CoreData.framework in Frameworks */ = {isa = PBXBuildFile; fileRef = AE5DFCA218EF791500FA585A /* CoreData.framework */; };
		AE5DFCA618EF8B4900FA585A /* tasks.xcdatamodeld in Sources */ = {isa = PBXBuildFile; fileRef = AE5DFCA418EF8B4900FA585A /* tasks.xcdatamodeld */; };
		AE5DFCA818EFD5E900FA585A /* SystemConfiguration.framework in Frameworks */ = {isa = PBXBuildFile; fileRef = AE5DFCA718EFD5E900FA585A /* SystemConfiguration.framework */; };
		AE5DFCAC18EFD63500FA585A /* UIColor+MLPFlatColors.m in Sources */ = {isa = PBXBuildFile; fileRef = AE5DFCAB18EFD63500FA585A /* UIColor+MLPFlatColors.m */; };
		AE5DFCB018F0755000FA585A /* M13Checkbox.m in Sources */ = {isa = PBXBuildFile; fileRef = AE5DFCAF18F0755000FA585A /* M13Checkbox.m */; };
		AE5DFCBA18F12D2A00FA585A /* JSQFlatButton.m in Sources */ = {isa = PBXBuildFile; fileRef = AE5DFCB918F12D2A00FA585A /* JSQFlatButton.m */; };
		AE6131E518E8C7A3008BE5FF /* Foundation.framework in Frameworks */ = {isa = PBXBuildFile; fileRef = AE6131E418E8C7A3008BE5FF /* Foundation.framework */; };
		AE6131E718E8C7A3008BE5FF /* CoreGraphics.framework in Frameworks */ = {isa = PBXBuildFile; fileRef = AE6131E618E8C7A3008BE5FF /* CoreGraphics.framework */; };
		AE6131E918E8C7A3008BE5FF /* UIKit.framework in Frameworks */ = {isa = PBXBuildFile; fileRef = AE6131E818E8C7A3008BE5FF /* UIKit.framework */; };
		AE6131EF18E8C7A3008BE5FF /* InfoPlist.strings in Resources */ = {isa = PBXBuildFile; fileRef = AE6131ED18E8C7A3008BE5FF /* InfoPlist.strings */; };
		AE6131F118E8C7A3008BE5FF /* main.m in Sources */ = {isa = PBXBuildFile; fileRef = AE6131F018E8C7A3008BE5FF /* main.m */; };
		AE6131F518E8C7A3008BE5FF /* CDAppDelegate.m in Sources */ = {isa = PBXBuildFile; fileRef = AE6131F418E8C7A3008BE5FF /* CDAppDelegate.m */; };
		AE6131F818E8C7A3008BE5FF /* Main.storyboard in Resources */ = {isa = PBXBuildFile; fileRef = AE6131F618E8C7A3008BE5FF /* Main.storyboard */; };
		AE6131FB18E8C7A3008BE5FF /* CDViewController.m in Sources */ = {isa = PBXBuildFile; fileRef = AE6131FA18E8C7A3008BE5FF /* CDViewController.m */; };
		AE6131FD18E8C7A3008BE5FF /* Images.xcassets in Resources */ = {isa = PBXBuildFile; fileRef = AE6131FC18E8C7A3008BE5FF /* Images.xcassets */; };
		AE61320418E8C7A3008BE5FF /* XCTest.framework in Frameworks */ = {isa = PBXBuildFile; fileRef = AE61320318E8C7A3008BE5FF /* XCTest.framework */; };
		AE61320518E8C7A3008BE5FF /* Foundation.framework in Frameworks */ = {isa = PBXBuildFile; fileRef = AE6131E418E8C7A3008BE5FF /* Foundation.framework */; };
		AE61320618E8C7A3008BE5FF /* UIKit.framework in Frameworks */ = {isa = PBXBuildFile; fileRef = AE6131E818E8C7A3008BE5FF /* UIKit.framework */; };
		AE61320E18E8C7A3008BE5FF /* InfoPlist.strings in Resources */ = {isa = PBXBuildFile; fileRef = AE61320C18E8C7A3008BE5FF /* InfoPlist.strings */; };
		AE61321018E8C7A3008BE5FF /* timeWiserTests.m in Sources */ = {isa = PBXBuildFile; fileRef = AE61320F18E8C7A3008BE5FF /* timeWiserTests.m */; };
		AE61322218E9EFAC008BE5FF /* ViewPagerController.m in Sources */ = {isa = PBXBuildFile; fileRef = AE61322118E9EFAC008BE5FF /* ViewPagerController.m */; };
		AE61322518E9F147008BE5FF /* ContentViewController.m in Sources */ = {isa = PBXBuildFile; fileRef = AE61322418E9F147008BE5FF /* ContentViewController.m */; };
		AE61322F18EA8B78008BE5FF /* TodayViewController.m in Sources */ = {isa = PBXBuildFile; fileRef = AE61322E18EA8B78008BE5FF /* TodayViewController.m */; };
		AE61323918EBBB0E008BE5FF /* SFCounterLabel.m in Sources */ = {isa = PBXBuildFile; fileRef = AE61323218EBBB0E008BE5FF /* SFCounterLabel.m */; };
		AE61323A18EBBB0E008BE5FF /* SFRoundProgressCounterView.m in Sources */ = {isa = PBXBuildFile; fileRef = AE61323418EBBB0E008BE5FF /* SFRoundProgressCounterView.m */; };
		AE61323B18EBBB0E008BE5FF /* SFRoundProgressLayer.m in Sources */ = {isa = PBXBuildFile; fileRef = AE61323618EBBB0E008BE5FF /* SFRoundProgressLayer.m */; };
		AE61323C18EBBB0E008BE5FF /* SFRoundProgressView.m in Sources */ = {isa = PBXBuildFile; fileRef = AE61323818EBBB0E008BE5FF /* SFRoundProgressView.m */; };
		AE61324218EBE1F9008BE5FF /* TTTAttributedLabel.m in Sources */ = {isa = PBXBuildFile; fileRef = AE61324118EBE1F9008BE5FF /* TTTAttributedLabel.m */; };
		AE61325B18ED0196008BE5FF /* CDNavigationViewController.m in Sources */ = {isa = PBXBuildFile; fileRef = AE61325A18ED0196008BE5FF /* CDNavigationViewController.m */; };
		AE61325E18ED0260008BE5FF /* NewTaskViewController.m in Sources */ = {isa = PBXBuildFile; fileRef = AE61325D18ED0260008BE5FF /* NewTaskViewController.m */; };
		AE61326018ED0AFE008BE5FF /* Accelerate.framework in Frameworks */ = {isa = PBXBuildFile; fileRef = AE61325F18ED0AFE008BE5FF /* Accelerate.framework */; };
		AE61326318ED1E43008BE5FF /* BlurryModalSegue.m in Sources */ = {isa = PBXBuildFile; fileRef = AE61326218ED1E43008BE5FF /* BlurryModalSegue.m */; };
		AE61326818ED1F26008BE5FF /* MZAppearance.m in Sources */ = {isa = PBXBuildFile; fileRef = AE61326518ED1F26008BE5FF /* MZAppearance.m */; };
		AE61326918ED1F26008BE5FF /* NSInvocation+Copy.m in Sources */ = {isa = PBXBuildFile; fileRef = AE61326718ED1F26008BE5FF /* NSInvocation+Copy.m */; };
		AE61326E18ED1F34008BE5FF /* UIImage+BlurredFrame.m in Sources */ = {isa = PBXBuildFile; fileRef = AE61326B18ED1F34008BE5FF /* UIImage+BlurredFrame.m */; };
		AE61326F18ED1F34008BE5FF /* UIImage+ImageEffects.m in Sources */ = {isa = PBXBuildFile; fileRef = AE61326D18ED1F34008BE5FF /* UIImage+ImageEffects.m */; };
		AE61327218ED1FCB008BE5FF /* QuartzCore.framework in Frameworks */ = {isa = PBXBuildFile; fileRef = AE61327118ED1FCB008BE5FF /* QuartzCore.framework */; };
		AE61327818ED2206008BE5FF /* JVFloatLabeledTextField.m in Sources */ = {isa = PBXBuildFile; fileRef = AE61327518ED2206008BE5FF /* JVFloatLabeledTextField.m */; };
		AE61327918ED2206008BE5FF /* JVFloatLabeledTextView.m in Sources */ = {isa = PBXBuildFile; fileRef = AE61327718ED2206008BE5FF /* JVFloatLabeledTextView.m */; };
		AE61327B18EDC932008BE5FF /* CoreText.framework in Frameworks */ = {isa = PBXBuildFile; fileRef = AE61327A18EDC932008BE5FF /* CoreText.framework */; };
		AE61328118EE0A4E008BE5FF /* SAMultisectorControl.m in Sources */ = {isa = PBXBuildFile; fileRef = AE61327E18EE0A4E008BE5FF /* SAMultisectorControl.m */; };
		AE61328218EE0A4E008BE5FF /* SAMath.m in Sources */ = {isa = PBXBuildFile; fileRef = AE61328018EE0A4E008BE5FF /* SAMath.m */; };
/* End PBXBuildFile section */

/* Begin PBXContainerItemProxy section */
		AE61320718E8C7A3008BE5FF /* PBXContainerItemProxy */ = {
			isa = PBXContainerItemProxy;
			containerPortal = AE6131D918E8C7A3008BE5FF /* Project object */;
			proxyType = 1;
			remoteGlobalIDString = AE6131E018E8C7A3008BE5FF;
			remoteInfo = timeWiser;
		};
/* End PBXContainerItemProxy section */

/* Begin PBXFileReference section */
		AE5DFC8918EE934600FA585A /* TasksViewController.h */ = {isa = PBXFileReference; fileEncoding = 4; lastKnownFileType = sourcecode.c.h; path = TasksViewController.h; sourceTree = "<group>"; };
		AE5DFC8A18EE934600FA585A /* TasksViewController.m */ = {isa = PBXFileReference; fileEncoding = 4; lastKnownFileType = sourcecode.c.objc; path = TasksViewController.m; sourceTree = "<group>"; };
		AE5DFC9F18EF30C700FA585A /* TaskCell.h */ = {isa = PBXFileReference; fileEncoding = 4; lastKnownFileType = sourcecode.c.h; name = TaskCell.h; path = ../TaskCell.h; sourceTree = "<group>"; };
		AE5DFCA018EF30C700FA585A /* TaskCell.m */ = {isa = PBXFileReference; fileEncoding = 4; lastKnownFileType = sourcecode.c.objc; name = TaskCell.m; path = ../TaskCell.m; sourceTree = "<group>"; };
		AE5DFCA218EF791500FA585A /* CoreData.framework */ = {isa = PBXFileReference; lastKnownFileType = wrapper.framework; name = CoreData.framework; path = System/Library/Frameworks/CoreData.framework; sourceTree = SDKROOT; };
		AE5DFCA518EF8B4900FA585A /* tasks.xcdatamodel */ = {isa = PBXFileReference; lastKnownFileType = wrapper.xcdatamodel; path = tasks.xcdatamodel; sourceTree = "<group>"; };
		AE5DFCA718EFD5E900FA585A /* SystemConfiguration.framework */ = {isa = PBXFileReference; lastKnownFileType = wrapper.framework; name = SystemConfiguration.framework; path = System/Library/Frameworks/SystemConfiguration.framework; sourceTree = SDKROOT; };
		AE5DFCAA18EFD63500FA585A /* UIColor+MLPFlatColors.h */ = {isa = PBXFileReference; fileEncoding = 4; lastKnownFileType = sourcecode.c.h; path = "UIColor+MLPFlatColors.h"; sourceTree = "<group>"; };
		AE5DFCAB18EFD63500FA585A /* UIColor+MLPFlatColors.m */ = {isa = PBXFileReference; fileEncoding = 4; lastKnownFileType = sourcecode.c.objc; path = "UIColor+MLPFlatColors.m"; sourceTree = "<group>"; };
		AE5DFCAE18F0755000FA585A /* M13Checkbox.h */ = {isa = PBXFileReference; fileEncoding = 4; lastKnownFileType = sourcecode.c.h; path = M13Checkbox.h; sourceTree = "<group>"; };
		AE5DFCAF18F0755000FA585A /* M13Checkbox.m */ = {isa = PBXFileReference; fileEncoding = 4; lastKnownFileType = sourcecode.c.objc; path = M13Checkbox.m; sourceTree = "<group>"; };
		AE5DFCB818F12D2A00FA585A /* JSQFlatButton.h */ = {isa = PBXFileReference; fileEncoding = 4; lastKnownFileType = sourcecode.c.h; path = JSQFlatButton.h; sourceTree = "<group>"; };
		AE5DFCB918F12D2A00FA585A /* JSQFlatButton.m */ = {isa = PBXFileReference; fileEncoding = 4; lastKnownFileType = sourcecode.c.objc; path = JSQFlatButton.m; sourceTree = "<group>"; };
		AE6131E118E8C7A3008BE5FF /* timeWiser.app */ = {isa = PBXFileReference; explicitFileType = wrapper.application; includeInIndex = 0; path = timeWiser.app; sourceTree = BUILT_PRODUCTS_DIR; };
		AE6131E418E8C7A3008BE5FF /* Foundation.framework */ = {isa = PBXFileReference; lastKnownFileType = wrapper.framework; name = Foundation.framework; path = System/Library/Frameworks/Foundation.framework; sourceTree = SDKROOT; };
		AE6131E618E8C7A3008BE5FF /* CoreGraphics.framework */ = {isa = PBXFileReference; lastKnownFileType = wrapper.framework; name = CoreGraphics.framework; path = System/Library/Frameworks/CoreGraphics.framework; sourceTree = SDKROOT; };
		AE6131E818E8C7A3008BE5FF /* UIKit.framework */ = {isa = PBXFileReference; lastKnownFileType = wrapper.framework; name = UIKit.framework; path = System/Library/Frameworks/UIKit.framework; sourceTree = SDKROOT; };
		AE6131EC18E8C7A3008BE5FF /* timeWiser-Info.plist */ = {isa = PBXFileReference; lastKnownFileType = text.plist.xml; path = "timeWiser-Info.plist"; sourceTree = "<group>"; };
		AE6131EE18E8C7A3008BE5FF /* en */ = {isa = PBXFileReference; lastKnownFileType = text.plist.strings; name = en; path = en.lproj/InfoPlist.strings; sourceTree = "<group>"; };
		AE6131F018E8C7A3008BE5FF /* main.m */ = {isa = PBXFileReference; lastKnownFileType = sourcecode.c.objc; path = main.m; sourceTree = "<group>"; };
		AE6131F218E8C7A3008BE5FF /* timeWiser-Prefix.pch */ = {isa = PBXFileReference; lastKnownFileType = sourcecode.c.h; path = "timeWiser-Prefix.pch"; sourceTree = "<group>"; };
		AE6131F318E8C7A3008BE5FF /* CDAppDelegate.h */ = {isa = PBXFileReference; lastKnownFileType = sourcecode.c.h; path = CDAppDelegate.h; sourceTree = "<group>"; };
		AE6131F418E8C7A3008BE5FF /* CDAppDelegate.m */ = {isa = PBXFileReference; lastKnownFileType = sourcecode.c.objc; path = CDAppDelegate.m; sourceTree = "<group>"; };
		AE6131F718E8C7A3008BE5FF /* Base */ = {isa = PBXFileReference; lastKnownFileType = file.storyboard; name = Base; path = Base.lproj/Main.storyboard; sourceTree = "<group>"; };
		AE6131F918E8C7A3008BE5FF /* CDViewController.h */ = {isa = PBXFileReference; lastKnownFileType = sourcecode.c.h; path = CDViewController.h; sourceTree = "<group>"; };
		AE6131FA18E8C7A3008BE5FF /* CDViewController.m */ = {isa = PBXFileReference; lastKnownFileType = sourcecode.c.objc; path = CDViewController.m; sourceTree = "<group>"; };
		AE6131FC18E8C7A3008BE5FF /* Images.xcassets */ = {isa = PBXFileReference; lastKnownFileType = folder.assetcatalog; path = Images.xcassets; sourceTree = "<group>"; };
		AE61320218E8C7A3008BE5FF /* timeWiserTests.xctest */ = {isa = PBXFileReference; explicitFileType = wrapper.cfbundle; includeInIndex = 0; path = timeWiserTests.xctest; sourceTree = BUILT_PRODUCTS_DIR; };
		AE61320318E8C7A3008BE5FF /* XCTest.framework */ = {isa = PBXFileReference; lastKnownFileType = wrapper.framework; name = XCTest.framework; path = Library/Frameworks/XCTest.framework; sourceTree = DEVELOPER_DIR; };
		AE61320B18E8C7A3008BE5FF /* timeWiserTests-Info.plist */ = {isa = PBXFileReference; lastKnownFileType = text.plist.xml; path = "timeWiserTests-Info.plist"; sourceTree = "<group>"; };
		AE61320D18E8C7A3008BE5FF /* en */ = {isa = PBXFileReference; lastKnownFileType = text.plist.strings; name = en; path = en.lproj/InfoPlist.strings; sourceTree = "<group>"; };
		AE61320F18E8C7A3008BE5FF /* timeWiserTests.m */ = {isa = PBXFileReference; lastKnownFileType = sourcecode.c.objc; path = timeWiserTests.m; sourceTree = "<group>"; };
		AE61322018E9EFAC008BE5FF /* ViewPagerController.h */ = {isa = PBXFileReference; fileEncoding = 4; lastKnownFileType = sourcecode.c.h; path = ViewPagerController.h; sourceTree = "<group>"; };
		AE61322118E9EFAC008BE5FF /* ViewPagerController.m */ = {isa = PBXFileReference; fileEncoding = 4; lastKnownFileType = sourcecode.c.objc; path = ViewPagerController.m; sourceTree = "<group>"; };
		AE61322318E9F147008BE5FF /* ContentViewController.h */ = {isa = PBXFileReference; fileEncoding = 4; lastKnownFileType = sourcecode.c.h; path = ContentViewController.h; sourceTree = "<group>"; };
		AE61322418E9F147008BE5FF /* ContentViewController.m */ = {isa = PBXFileReference; fileEncoding = 4; lastKnownFileType = sourcecode.c.objc; path = ContentViewController.m; sourceTree = "<group>"; };
		AE61322D18EA8B78008BE5FF /* TodayViewController.h */ = {isa = PBXFileReference; fileEncoding = 4; lastKnownFileType = sourcecode.c.h; name = TodayViewController.h; path = ../TodayViewController.h; sourceTree = "<group>"; };
		AE61322E18EA8B78008BE5FF /* TodayViewController.m */ = {isa = PBXFileReference; fileEncoding = 4; lastKnownFileType = sourcecode.c.objc; name = TodayViewController.m; path = ../TodayViewController.m; sourceTree = "<group>"; };
		AE61323118EBBB0E008BE5FF /* SFCounterLabel.h */ = {isa = PBXFileReference; fileEncoding = 4; lastKnownFileType = sourcecode.c.h; path = SFCounterLabel.h; sourceTree = "<group>"; };
		AE61323218EBBB0E008BE5FF /* SFCounterLabel.m */ = {isa = PBXFileReference; fileEncoding = 4; lastKnownFileType = sourcecode.c.objc; path = SFCounterLabel.m; sourceTree = "<group>"; };
		AE61323318EBBB0E008BE5FF /* SFRoundProgressCounterView.h */ = {isa = PBXFileReference; fileEncoding = 4; lastKnownFileType = sourcecode.c.h; path = SFRoundProgressCounterView.h; sourceTree = "<group>"; };
		AE61323418EBBB0E008BE5FF /* SFRoundProgressCounterView.m */ = {isa = PBXFileReference; fileEncoding = 4; lastKnownFileType = sourcecode.c.objc; path = SFRoundProgressCounterView.m; sourceTree = "<group>"; };
		AE61323518EBBB0E008BE5FF /* SFRoundProgressLayer.h */ = {isa = PBXFileReference; fileEncoding = 4; lastKnownFileType = sourcecode.c.h; path = SFRoundProgressLayer.h; sourceTree = "<group>"; };
		AE61323618EBBB0E008BE5FF /* SFRoundProgressLayer.m */ = {isa = PBXFileReference; fileEncoding = 4; lastKnownFileType = sourcecode.c.objc; path = SFRoundProgressLayer.m; sourceTree = "<group>"; };
		AE61323718EBBB0E008BE5FF /* SFRoundProgressView.h */ = {isa = PBXFileReference; fileEncoding = 4; lastKnownFileType = sourcecode.c.h; path = SFRoundProgressView.h; sourceTree = "<group>"; };
		AE61323818EBBB0E008BE5FF /* SFRoundProgressView.m */ = {isa = PBXFileReference; fileEncoding = 4; lastKnownFileType = sourcecode.c.objc; path = SFRoundProgressView.m; sourceTree = "<group>"; };
		AE61324018EBE1F9008BE5FF /* TTTAttributedLabel.h */ = {isa = PBXFileReference; fileEncoding = 4; lastKnownFileType = sourcecode.c.h; path = TTTAttributedLabel.h; sourceTree = "<group>"; };
		AE61324118EBE1F9008BE5FF /* TTTAttributedLabel.m */ = {isa = PBXFileReference; fileEncoding = 4; lastKnownFileType = sourcecode.c.objc; path = TTTAttributedLabel.m; sourceTree = "<group>"; };
		AE61325918ED0196008BE5FF /* CDNavigationViewController.h */ = {isa = PBXFileReference; fileEncoding = 4; lastKnownFileType = sourcecode.c.h; path = CDNavigationViewController.h; sourceTree = "<group>"; };
		AE61325A18ED0196008BE5FF /* CDNavigationViewController.m */ = {isa = PBXFileReference; fileEncoding = 4; lastKnownFileType = sourcecode.c.objc; path = CDNavigationViewController.m; sourceTree = "<group>"; };
		AE61325C18ED0260008BE5FF /* NewTaskViewController.h */ = {isa = PBXFileReference; fileEncoding = 4; lastKnownFileType = sourcecode.c.h; path = NewTaskViewController.h; sourceTree = "<group>"; };
		AE61325D18ED0260008BE5FF /* NewTaskViewController.m */ = {isa = PBXFileReference; fileEncoding = 4; lastKnownFileType = sourcecode.c.objc; path = NewTaskViewController.m; sourceTree = "<group>"; };
		AE61325F18ED0AFE008BE5FF /* Accelerate.framework */ = {isa = PBXFileReference; lastKnownFileType = wrapper.framework; name = Accelerate.framework; path = System/Library/Frameworks/Accelerate.framework; sourceTree = SDKROOT; };
		AE61326118ED1E43008BE5FF /* BlurryModalSegue.h */ = {isa = PBXFileReference; fileEncoding = 4; lastKnownFileType = sourcecode.c.h; path = BlurryModalSegue.h; sourceTree = "<group>"; };
		AE61326218ED1E43008BE5FF /* BlurryModalSegue.m */ = {isa = PBXFileReference; fileEncoding = 4; lastKnownFileType = sourcecode.c.objc; path = BlurryModalSegue.m; sourceTree = "<group>"; };
		AE61326418ED1F26008BE5FF /* MZAppearance.h */ = {isa = PBXFileReference; fileEncoding = 4; lastKnownFileType = sourcecode.c.h; path = MZAppearance.h; sourceTree = "<group>"; };
		AE61326518ED1F26008BE5FF /* MZAppearance.m */ = {isa = PBXFileReference; fileEncoding = 4; lastKnownFileType = sourcecode.c.objc; path = MZAppearance.m; sourceTree = "<group>"; };
		AE61326618ED1F26008BE5FF /* NSInvocation+Copy.h */ = {isa = PBXFileReference; fileEncoding = 4; lastKnownFileType = sourcecode.c.h; path = "NSInvocation+Copy.h"; sourceTree = "<group>"; };
		AE61326718ED1F26008BE5FF /* NSInvocation+Copy.m */ = {isa = PBXFileReference; fileEncoding = 4; lastKnownFileType = sourcecode.c.objc; path = "NSInvocation+Copy.m"; sourceTree = "<group>"; };
		AE61326A18ED1F34008BE5FF /* UIImage+BlurredFrame.h */ = {isa = PBXFileReference; fileEncoding = 4; lastKnownFileType = sourcecode.c.h; path = "UIImage+BlurredFrame.h"; sourceTree = "<group>"; };
		AE61326B18ED1F34008BE5FF /* UIImage+BlurredFrame.m */ = {isa = PBXFileReference; fileEncoding = 4; lastKnownFileType = sourcecode.c.objc; path = "UIImage+BlurredFrame.m"; sourceTree = "<group>"; };
		AE61326C18ED1F34008BE5FF /* UIImage+ImageEffects.h */ = {isa = PBXFileReference; fileEncoding = 4; lastKnownFileType = sourcecode.c.h; path = "UIImage+ImageEffects.h"; sourceTree = "<group>"; };
		AE61326D18ED1F34008BE5FF /* UIImage+ImageEffects.m */ = {isa = PBXFileReference; fileEncoding = 4; lastKnownFileType = sourcecode.c.objc; path = "UIImage+ImageEffects.m"; sourceTree = "<group>"; };
		AE61327118ED1FCB008BE5FF /* QuartzCore.framework */ = {isa = PBXFileReference; lastKnownFileType = wrapper.framework; name = QuartzCore.framework; path = System/Library/Frameworks/QuartzCore.framework; sourceTree = SDKROOT; };
		AE61327418ED2206008BE5FF /* JVFloatLabeledTextField.h */ = {isa = PBXFileReference; fileEncoding = 4; lastKnownFileType = sourcecode.c.h; path = JVFloatLabeledTextField.h; sourceTree = "<group>"; };
		AE61327518ED2206008BE5FF /* JVFloatLabeledTextField.m */ = {isa = PBXFileReference; fileEncoding = 4; lastKnownFileType = sourcecode.c.objc; path = JVFloatLabeledTextField.m; sourceTree = "<group>"; };
		AE61327618ED2206008BE5FF /* JVFloatLabeledTextView.h */ = {isa = PBXFileReference; fileEncoding = 4; lastKnownFileType = sourcecode.c.h; path = JVFloatLabeledTextView.h; sourceTree = "<group>"; };
		AE61327718ED2206008BE5FF /* JVFloatLabeledTextView.m */ = {isa = PBXFileReference; fileEncoding = 4; lastKnownFileType = sourcecode.c.objc; path = JVFloatLabeledTextView.m; sourceTree = "<group>"; };
		AE61327A18EDC932008BE5FF /* CoreText.framework */ = {isa = PBXFileReference; lastKnownFileType = wrapper.framework; name = CoreText.framework; path = System/Library/Frameworks/CoreText.framework; sourceTree = SDKROOT; };
		AE61327D18EE0A4E008BE5FF /* SAMultisectorControl.h */ = {isa = PBXFileReference; fileEncoding = 4; lastKnownFileType = sourcecode.c.h; path = SAMultisectorControl.h; sourceTree = "<group>"; };
		AE61327E18EE0A4E008BE5FF /* SAMultisectorControl.m */ = {isa = PBXFileReference; fileEncoding = 4; lastKnownFileType = sourcecode.c.objc; path = SAMultisectorControl.m; sourceTree = "<group>"; };
		AE61327F18EE0A4E008BE5FF /* SAMath.h */ = {isa = PBXFileReference; fileEncoding = 4; lastKnownFileType = sourcecode.c.h; path = SAMath.h; sourceTree = "<group>"; };
		AE61328018EE0A4E008BE5FF /* SAMath.m */ = {isa = PBXFileReference; fileEncoding = 4; lastKnownFileType = sourcecode.c.objc; path = SAMath.m; sourceTree = "<group>"; };
/* End PBXFileReference section */

/* Begin PBXFrameworksBuildPhase section */
		AE6131DE18E8C7A3008BE5FF /* Frameworks */ = {
			isa = PBXFrameworksBuildPhase;
			buildActionMask = 2147483647;
			files = (
				AE5DFCA818EFD5E900FA585A /* SystemConfiguration.framework in Frameworks */,
				AE5DFCA318EF791500FA585A /* CoreData.framework in Frameworks */,
				AE61327B18EDC932008BE5FF /* CoreText.framework in Frameworks */,
				AE61327218ED1FCB008BE5FF /* QuartzCore.framework in Frameworks */,
				AE61326018ED0AFE008BE5FF /* Accelerate.framework in Frameworks */,
				AE6131E718E8C7A3008BE5FF /* CoreGraphics.framework in Frameworks */,
				AE6131E918E8C7A3008BE5FF /* UIKit.framework in Frameworks */,
				AE6131E518E8C7A3008BE5FF /* Foundation.framework in Frameworks */,
			);
			runOnlyForDeploymentPostprocessing = 0;
		};
		AE6131FF18E8C7A3008BE5FF /* Frameworks */ = {
			isa = PBXFrameworksBuildPhase;
			buildActionMask = 2147483647;
			files = (
				AE61320418E8C7A3008BE5FF /* XCTest.framework in Frameworks */,
				AE61320618E8C7A3008BE5FF /* UIKit.framework in Frameworks */,
				AE61320518E8C7A3008BE5FF /* Foundation.framework in Frameworks */,
			);
			runOnlyForDeploymentPostprocessing = 0;
		};
/* End PBXFrameworksBuildPhase section */

/* Begin PBXGroup section */
		AE5DFC6018EE75C600FA585A /* TableView */ = {
			isa = PBXGroup;
			children = (
				AE5DFC9F18EF30C700FA585A /* TaskCell.h */,
				AE5DFCA018EF30C700FA585A /* TaskCell.m */,
			);
			name = TableView;
			sourceTree = "<group>";
		};
		AE5DFCA918EFD62900FA585A /* FlatColor */ = {
			isa = PBXGroup;
			children = (
				AE5DFCAA18EFD63500FA585A /* UIColor+MLPFlatColors.h */,
				AE5DFCAB18EFD63500FA585A /* UIColor+MLPFlatColors.m */,
			);
			name = FlatColor;
			sourceTree = "<group>";
		};
		AE5DFCAD18F0753F00FA585A /* CheckBox */ = {
			isa = PBXGroup;
			children = (
				AE5DFCAE18F0755000FA585A /* M13Checkbox.h */,
				AE5DFCAF18F0755000FA585A /* M13Checkbox.m */,
			);
			name = CheckBox;
			sourceTree = "<group>";
		};
		AE5DFCB718F12CC300FA585A /* UIButton */ = {
			isa = PBXGroup;
			children = (
				AE5DFCB818F12D2A00FA585A /* JSQFlatButton.h */,
				AE5DFCB918F12D2A00FA585A /* JSQFlatButton.m */,
			);
			name = UIButton;
			sourceTree = "<group>";
		};
		AE6131D818E8C7A3008BE5FF = {
			isa = PBXGroup;
			children = (
				AE6131EA18E8C7A3008BE5FF /* timeWiser */,
				AE61320918E8C7A3008BE5FF /* timeWiserTests */,
				AE6131E318E8C7A3008BE5FF /* Frameworks */,
				AE6131E218E8C7A3008BE5FF /* Products */,
			);
			sourceTree = "<group>";
		};
		AE6131E218E8C7A3008BE5FF /* Products */ = {
			isa = PBXGroup;
			children = (
				AE6131E118E8C7A3008BE5FF /* timeWiser.app */,
				AE61320218E8C7A3008BE5FF /* timeWiserTests.xctest */,
			);
			name = Products;
			sourceTree = "<group>";
		};
		AE6131E318E8C7A3008BE5FF /* Frameworks */ = {
			isa = PBXGroup;
			children = (
				AE5DFCA718EFD5E900FA585A /* SystemConfiguration.framework */,
				AE5DFCA218EF791500FA585A /* CoreData.framework */,
				AE61327A18EDC932008BE5FF /* CoreText.framework */,
				AE61327118ED1FCB008BE5FF /* QuartzCore.framework */,
				AE61325F18ED0AFE008BE5FF /* Accelerate.framework */,
				AE6131E418E8C7A3008BE5FF /* Foundation.framework */,
				AE6131E618E8C7A3008BE5FF /* CoreGraphics.framework */,
				AE6131E818E8C7A3008BE5FF /* UIKit.framework */,
				AE61320318E8C7A3008BE5FF /* XCTest.framework */,
			);
			name = Frameworks;
			sourceTree = "<group>";
		};
		AE6131EA18E8C7A3008BE5FF /* timeWiser */ = {
			isa = PBXGroup;
			children = (
				AE5DFCB718F12CC300FA585A /* UIButton */,
				AE5DFCAD18F0753F00FA585A /* CheckBox */,
				AE5DFCA918EFD62900FA585A /* FlatColor */,
				AE5DFC6018EE75C600FA585A /* TableView */,
				AE61327C18EE0A32008BE5FF /* TimeSelection */,
				AE61327318ED21EB008BE5FF /* FloatTextField */,
				AE61327018ED1F39008BE5FF /* BlurSegue */,
				AE61323018EBBAE5008BE5FF /* Counter */,
				AE61321918E8CA10008BE5FF /* segmentedControl */,
				AE61322618E9F152008BE5FF /* VCs */,
				AE6131FC18E8C7A3008BE5FF /* Images.xcassets */,
				AE6131EB18E8C7A3008BE5FF /* Supporting Files */,
			);
			path = timeWiser;
			sourceTree = "<group>";
		};
		AE6131EB18E8C7A3008BE5FF /* Supporting Files */ = {
			isa = PBXGroup;
			children = (
				AE6131F318E8C7A3008BE5FF /* CDAppDelegate.h */,
				AE6131F418E8C7A3008BE5FF /* CDAppDelegate.m */,
				AE5DFCA418EF8B4900FA585A /* tasks.xcdatamodeld */,
				AE6131F618E8C7A3008BE5FF /* Main.storyboard */,
				AE6131EC18E8C7A3008BE5FF /* timeWiser-Info.plist */,
				AE6131ED18E8C7A3008BE5FF /* InfoPlist.strings */,
				AE6131F018E8C7A3008BE5FF /* main.m */,
				AE6131F218E8C7A3008BE5FF /* timeWiser-Prefix.pch */,
			);
			name = "Supporting Files";
			sourceTree = "<group>";
		};
		AE61320918E8C7A3008BE5FF /* timeWiserTests */ = {
			isa = PBXGroup;
			children = (
				AE61320F18E8C7A3008BE5FF /* timeWiserTests.m */,
				AE61320A18E8C7A3008BE5FF /* Supporting Files */,
			);
			path = timeWiserTests;
			sourceTree = "<group>";
		};
		AE61320A18E8C7A3008BE5FF /* Supporting Files */ = {
			isa = PBXGroup;
			children = (
				AE61320B18E8C7A3008BE5FF /* timeWiserTests-Info.plist */,
				AE61320C18E8C7A3008BE5FF /* InfoPlist.strings */,
			);
			name = "Supporting Files";
			sourceTree = "<group>";
		};
		AE61321918E8CA10008BE5FF /* segmentedControl */ = {
			isa = PBXGroup;
			children = (
				AE61322018E9EFAC008BE5FF /* ViewPagerController.h */,
				AE61322118E9EFAC008BE5FF /* ViewPagerController.m */,
			);
			name = segmentedControl;
			sourceTree = "<group>";
		};
		AE61322618E9F152008BE5FF /* VCs */ = {
			isa = PBXGroup;
			children = (
				AE5DFC8918EE934600FA585A /* TasksViewController.h */,
				AE5DFC8A18EE934600FA585A /* TasksViewController.m */,
				AE61325C18ED0260008BE5FF /* NewTaskViewController.h */,
				AE61325D18ED0260008BE5FF /* NewTaskViewController.m */,
				AE61322D18EA8B78008BE5FF /* TodayViewController.h */,
				AE61322E18EA8B78008BE5FF /* TodayViewController.m */,
				AE61322318E9F147008BE5FF /* ContentViewController.h */,
				AE61322418E9F147008BE5FF /* ContentViewController.m */,
				AE6131F918E8C7A3008BE5FF /* CDViewController.h */,
				AE6131FA18E8C7A3008BE5FF /* CDViewController.m */,
				AE61325918ED0196008BE5FF /* CDNavigationViewController.h */,
				AE61325A18ED0196008BE5FF /* CDNavigationViewController.m */,
			);
			name = VCs;
			sourceTree = "<group>";
		};
		AE61323018EBBAE5008BE5FF /* Counter */ = {
			isa = PBXGroup;
			children = (
				AE61324018EBE1F9008BE5FF /* TTTAttributedLabel.h */,
				AE61324118EBE1F9008BE5FF /* TTTAttributedLabel.m */,
				AE61323118EBBB0E008BE5FF /* SFCounterLabel.h */,
				AE61323218EBBB0E008BE5FF /* SFCounterLabel.m */,
				AE61323318EBBB0E008BE5FF /* SFRoundProgressCounterView.h */,
				AE61323418EBBB0E008BE5FF /* SFRoundProgressCounterView.m */,
				AE61323518EBBB0E008BE5FF /* SFRoundProgressLayer.h */,
				AE61323618EBBB0E008BE5FF /* SFRoundProgressLayer.m */,
				AE61323718EBBB0E008BE5FF /* SFRoundProgressView.h */,
				AE61323818EBBB0E008BE5FF /* SFRoundProgressView.m */,
			);
			name = Counter;
			sourceTree = "<group>";
		};
		AE61327018ED1F39008BE5FF /* BlurSegue */ = {
			isa = PBXGroup;
			children = (
				AE61326A18ED1F34008BE5FF /* UIImage+BlurredFrame.h */,
				AE61326B18ED1F34008BE5FF /* UIImage+BlurredFrame.m */,
				AE61326C18ED1F34008BE5FF /* UIImage+ImageEffects.h */,
				AE61326D18ED1F34008BE5FF /* UIImage+ImageEffects.m */,
				AE61326418ED1F26008BE5FF /* MZAppearance.h */,
				AE61326518ED1F26008BE5FF /* MZAppearance.m */,
				AE61326618ED1F26008BE5FF /* NSInvocation+Copy.h */,
				AE61326718ED1F26008BE5FF /* NSInvocation+Copy.m */,
				AE61326118ED1E43008BE5FF /* BlurryModalSegue.h */,
				AE61326218ED1E43008BE5FF /* BlurryModalSegue.m */,
			);
			name = BlurSegue;
			sourceTree = "<group>";
		};
		AE61327318ED21EB008BE5FF /* FloatTextField */ = {
			isa = PBXGroup;
			children = (
				AE61327418ED2206008BE5FF /* JVFloatLabeledTextField.h */,
				AE61327518ED2206008BE5FF /* JVFloatLabeledTextField.m */,
				AE61327618ED2206008BE5FF /* JVFloatLabeledTextView.h */,
				AE61327718ED2206008BE5FF /* JVFloatLabeledTextView.m */,
			);
			name = FloatTextField;
			sourceTree = "<group>";
		};
		AE61327C18EE0A32008BE5FF /* TimeSelection */ = {
			isa = PBXGroup;
			children = (
				AE61327D18EE0A4E008BE5FF /* SAMultisectorControl.h */,
				AE61327E18EE0A4E008BE5FF /* SAMultisectorControl.m */,
				AE61327F18EE0A4E008BE5FF /* SAMath.h */,
				AE61328018EE0A4E008BE5FF /* SAMath.m */,
			);
			name = TimeSelection;
			sourceTree = "<group>";
		};
/* End PBXGroup section */

/* Begin PBXNativeTarget section */
		AE6131E018E8C7A3008BE5FF /* timeWiser */ = {
			isa = PBXNativeTarget;
			buildConfigurationList = AE61321318E8C7A3008BE5FF /* Build configuration list for PBXNativeTarget "timeWiser" */;
			buildPhases = (
				AE6131DD18E8C7A3008BE5FF /* Sources */,
				AE6131DE18E8C7A3008BE5FF /* Frameworks */,
				AE6131DF18E8C7A3008BE5FF /* Resources */,
			);
			buildRules = (
			);
			dependencies = (
			);
			name = timeWiser;
			productName = timeWiser;
			productReference = AE6131E118E8C7A3008BE5FF /* timeWiser.app */;
			productType = "com.apple.product-type.application";
		};
		AE61320118E8C7A3008BE5FF /* timeWiserTests */ = {
			isa = PBXNativeTarget;
			buildConfigurationList = AE61321618E8C7A3008BE5FF /* Build configuration list for PBXNativeTarget "timeWiserTests" */;
			buildPhases = (
				AE6131FE18E8C7A3008BE5FF /* Sources */,
				AE6131FF18E8C7A3008BE5FF /* Frameworks */,
				AE61320018E8C7A3008BE5FF /* Resources */,
			);
			buildRules = (
			);
			dependencies = (
				AE61320818E8C7A3008BE5FF /* PBXTargetDependency */,
			);
			name = timeWiserTests;
			productName = timeWiserTests;
			productReference = AE61320218E8C7A3008BE5FF /* timeWiserTests.xctest */;
			productType = "com.apple.product-type.bundle.unit-test";
		};
/* End PBXNativeTarget section */

/* Begin PBXProject section */
		AE6131D918E8C7A3008BE5FF /* Project object */ = {
			isa = PBXProject;
			attributes = {
				CLASSPREFIX = CD;
				LastUpgradeCheck = 0510;
				ORGANIZATIONNAME = CDFLS;
				TargetAttributes = {
					AE61320118E8C7A3008BE5FF = {
						TestTargetID = AE6131E018E8C7A3008BE5FF;
					};
				};
			};
			buildConfigurationList = AE6131DC18E8C7A3008BE5FF /* Build configuration list for PBXProject "timeWiser" */;
			compatibilityVersion = "Xcode 3.2";
			developmentRegion = English;
			hasScannedForEncodings = 0;
			knownRegions = (
				en,
				Base,
			);
			mainGroup = AE6131D818E8C7A3008BE5FF;
			productRefGroup = AE6131E218E8C7A3008BE5FF /* Products */;
			projectDirPath = "";
			projectRoot = "";
			targets = (
				AE6131E018E8C7A3008BE5FF /* timeWiser */,
				AE61320118E8C7A3008BE5FF /* timeWiserTests */,
			);
		};
/* End PBXProject section */

/* Begin PBXResourcesBuildPhase section */
		AE6131DF18E8C7A3008BE5FF /* Resources */ = {
			isa = PBXResourcesBuildPhase;
			buildActionMask = 2147483647;
			files = (
				AE6131FD18E8C7A3008BE5FF /* Images.xcassets in Resources */,
				AE6131EF18E8C7A3008BE5FF /* InfoPlist.strings in Resources */,
				AE6131F818E8C7A3008BE5FF /* Main.storyboard in Resources */,
			);
			runOnlyForDeploymentPostprocessing = 0;
		};
		AE61320018E8C7A3008BE5FF /* Resources */ = {
			isa = PBXResourcesBuildPhase;
			buildActionMask = 2147483647;
			files = (
				AE61320E18E8C7A3008BE5FF /* InfoPlist.strings in Resources */,
			);
			runOnlyForDeploymentPostprocessing = 0;
		};
/* End PBXResourcesBuildPhase section */

/* Begin PBXSourcesBuildPhase section */
		AE6131DD18E8C7A3008BE5FF /* Sources */ = {
			isa = PBXSourcesBuildPhase;
			buildActionMask = 2147483647;
			files = (
				AE61326818ED1F26008BE5FF /* MZAppearance.m in Sources */,
				AE61322F18EA8B78008BE5FF /* TodayViewController.m in Sources */,
				AE61326F18ED1F34008BE5FF /* UIImage+ImageEffects.m in Sources */,
				AE5DFC8B18EE934600FA585A /* TasksViewController.m in Sources */,
				AE61326E18ED1F34008BE5FF /* UIImage+BlurredFrame.m in Sources */,
				AE6131F118E8C7A3008BE5FF /* main.m in Sources */,
				AE61328118EE0A4E008BE5FF /* SAMultisectorControl.m in Sources */,
				AE61322518E9F147008BE5FF /* ContentViewController.m in Sources */,
				AE5DFCAC18EFD63500FA585A /* UIColor+MLPFlatColors.m in Sources */,
				AE5DFCA118EF30C700FA585A /* TaskCell.m in Sources */,
				AE6131F518E8C7A3008BE5FF /* CDAppDelegate.m in Sources */,
				AE5DFCB018F0755000FA585A /* M13Checkbox.m in Sources */,
				AE61323B18EBBB0E008BE5FF /* SFRoundProgressLayer.m in Sources */,
				AE61327818ED2206008BE5FF /* JVFloatLabeledTextField.m in Sources */,
				AE61327918ED2206008BE5FF /* JVFloatLabeledTextView.m in Sources */,
				AE61323918EBBB0E008BE5FF /* SFCounterLabel.m in Sources */,
				AE61322218E9EFAC008BE5FF /* ViewPagerController.m in Sources */,
				AE6131FB18E8C7A3008BE5FF /* CDViewController.m in Sources */,
				AE61326318ED1E43008BE5FF /* BlurryModalSegue.m in Sources */,
				AE61323C18EBBB0E008BE5FF /* SFRoundProgressView.m in Sources */,
				AE61325B18ED0196008BE5FF /* CDNavigationViewController.m in Sources */,
				AE61328218EE0A4E008BE5FF /* SAMath.m in Sources */,
				AE61325E18ED0260008BE5FF /* NewTaskViewController.m in Sources */,
				AE5DFCBA18F12D2A00FA585A /* JSQFlatButton.m in Sources */,
				AE61326918ED1F26008BE5FF /* NSInvocation+Copy.m in Sources */,
				AE5DFCA618EF8B4900FA585A /* tasks.xcdatamodeld in Sources */,
				AE61323A18EBBB0E008BE5FF /* SFRoundProgressCounterView.m in Sources */,
				AE61324218EBE1F9008BE5FF /* TTTAttributedLabel.m in Sources */,
			);
			runOnlyForDeploymentPostprocessing = 0;
		};
		AE6131FE18E8C7A3008BE5FF /* Sources */ = {
			isa = PBXSourcesBuildPhase;
			buildActionMask = 2147483647;
			files = (
				AE61321018E8C7A3008BE5FF /* timeWiserTests.m in Sources */,
			);
			runOnlyForDeploymentPostprocessing = 0;
		};
/* End PBXSourcesBuildPhase section */

/* Begin PBXTargetDependency section */
		AE61320818E8C7A3008BE5FF /* PBXTargetDependency */ = {
			isa = PBXTargetDependency;
			target = AE6131E018E8C7A3008BE5FF /* timeWiser */;
			targetProxy = AE61320718E8C7A3008BE5FF /* PBXContainerItemProxy */;
		};
/* End PBXTargetDependency section */

/* Begin PBXVariantGroup section */
		AE6131ED18E8C7A3008BE5FF /* InfoPlist.strings */ = {
			isa = PBXVariantGroup;
			children = (
				AE6131EE18E8C7A3008BE5FF /* en */,
			);
			name = InfoPlist.strings;
			sourceTree = "<group>";
		};
		AE6131F618E8C7A3008BE5FF /* Main.storyboard */ = {
			isa = PBXVariantGroup;
			children = (
				AE6131F718E8C7A3008BE5FF /* Base */,
			);
			name = Main.storyboard;
			sourceTree = "<group>";
		};
		AE61320C18E8C7A3008BE5FF /* InfoPlist.strings */ = {
			isa = PBXVariantGroup;
			children = (
				AE61320D18E8C7A3008BE5FF /* en */,
			);
			name = InfoPlist.strings;
			sourceTree = "<group>";
		};
/* End PBXVariantGroup section */

/* Begin XCBuildConfiguration section */
		AE61321118E8C7A3008BE5FF /* Debug */ = {
			isa = XCBuildConfiguration;
			buildSettings = {
				ALWAYS_SEARCH_USER_PATHS = NO;
				CLANG_CXX_LANGUAGE_STANDARD = "gnu++0x";
				CLANG_CXX_LIBRARY = "libc++";
				CLANG_ENABLE_MODULES = YES;
				CLANG_ENABLE_OBJC_ARC = YES;
				CLANG_WARN_BOOL_CONVERSION = YES;
				CLANG_WARN_CONSTANT_CONVERSION = YES;
				CLANG_WARN_DIRECT_OBJC_ISA_USAGE = YES_ERROR;
				CLANG_WARN_EMPTY_BODY = YES;
				CLANG_WARN_ENUM_CONVERSION = YES;
				CLANG_WARN_INT_CONVERSION = YES;
				CLANG_WARN_OBJC_ROOT_CLASS = YES_ERROR;
				CLANG_WARN__DUPLICATE_METHOD_MATCH = YES;
				"CODE_SIGN_IDENTITY[sdk=iphoneos*]" = "iPhone Developer";
				COPY_PHASE_STRIP = NO;
				GCC_C_LANGUAGE_STANDARD = gnu99;
				GCC_DYNAMIC_NO_PIC = NO;
				GCC_OPTIMIZATION_LEVEL = 0;
				GCC_PREPROCESSOR_DEFINITIONS = (
					"DEBUG=1",
					"$(inherited)",
				);
				GCC_SYMBOLS_PRIVATE_EXTERN = NO;
				GCC_WARN_64_TO_32_BIT_CONVERSION = YES;
				GCC_WARN_ABOUT_RETURN_TYPE = YES_ERROR;
				GCC_WARN_UNDECLARED_SELECTOR = YES;
				GCC_WARN_UNINITIALIZED_AUTOS = YES_AGGRESSIVE;
				GCC_WARN_UNUSED_FUNCTION = YES;
				GCC_WARN_UNUSED_VARIABLE = YES;
				IPHONEOS_DEPLOYMENT_TARGET = 7.1;
				ONLY_ACTIVE_ARCH = YES;
				SDKROOT = iphoneos;
			};
			name = Debug;
		};
		AE61321218E8C7A3008BE5FF /* Release */ = {
			isa = XCBuildConfiguration;
			buildSettings = {
				ALWAYS_SEARCH_USER_PATHS = NO;
				CLANG_CXX_LANGUAGE_STANDARD = "gnu++0x";
				CLANG_CXX_LIBRARY = "libc++";
				CLANG_ENABLE_MODULES = YES;
				CLANG_ENABLE_OBJC_ARC = YES;
				CLANG_WARN_BOOL_CONVERSION = YES;
				CLANG_WARN_CONSTANT_CONVERSION = YES;
				CLANG_WARN_DIRECT_OBJC_ISA_USAGE = YES_ERROR;
				CLANG_WARN_EMPTY_BODY = YES;
				CLANG_WARN_ENUM_CONVERSION = YES;
				CLANG_WARN_INT_CONVERSION = YES;
				CLANG_WARN_OBJC_ROOT_CLASS = YES_ERROR;
				CLANG_WARN__DUPLICATE_METHOD_MATCH = YES;
				"CODE_SIGN_IDENTITY[sdk=iphoneos*]" = "iPhone Developer";
				COPY_PHASE_STRIP = YES;
				ENABLE_NS_ASSERTIONS = NO;
				GCC_C_LANGUAGE_STANDARD = gnu99;
				GCC_WARN_64_TO_32_BIT_CONVERSION = YES;
				GCC_WARN_ABOUT_RETURN_TYPE = YES_ERROR;
				GCC_WARN_UNDECLARED_SELECTOR = YES;
				GCC_WARN_UNINITIALIZED_AUTOS = YES_AGGRESSIVE;
				GCC_WARN_UNUSED_FUNCTION = YES;
				GCC_WARN_UNUSED_VARIABLE = YES;
				IPHONEOS_DEPLOYMENT_TARGET = 7.1;
				SDKROOT = iphoneos;
				VALIDATE_PRODUCT = YES;
			};
			name = Release;
		};
		AE61321418E8C7A3008BE5FF /* Debug */ = {
			isa = XCBuildConfiguration;
			buildSettings = {
				ASSETCATALOG_COMPILER_APPICON_NAME = AppIcon;
				ASSETCATALOG_COMPILER_LAUNCHIMAGE_NAME = LaunchImage;
				GCC_PRECOMPILE_PREFIX_HEADER = YES;
				GCC_PREFIX_HEADER = "timeWiser/timeWiser-Prefix.pch";
				INFOPLIST_FILE = "timeWiser/timeWiser-Info.plist";
				PRODUCT_NAME = "$(TARGET_NAME)";
				WRAPPER_EXTENSION = app;
			};
			name = Debug;
		};
		AE61321518E8C7A3008BE5FF /* Release */ = {
			isa = XCBuildConfiguration;
			buildSettings = {
				ASSETCATALOG_COMPILER_APPICON_NAME = AppIcon;
				ASSETCATALOG_COMPILER_LAUNCHIMAGE_NAME = LaunchImage;
				GCC_PRECOMPILE_PREFIX_HEADER = YES;
				GCC_PREFIX_HEADER = "timeWiser/timeWiser-Prefix.pch";
				INFOPLIST_FILE = "timeWiser/timeWiser-Info.plist";
				PRODUCT_NAME = "$(TARGET_NAME)";
				WRAPPER_EXTENSION = app;
			};
			name = Release;
		};
		AE61321718E8C7A3008BE5FF /* Debug */ = {
			isa = XCBuildConfiguration;
			buildSettings = {
				BUNDLE_LOADER = "$(BUILT_PRODUCTS_DIR)/timeWiser.app/timeWiser";
				FRAMEWORK_SEARCH_PATHS = (
					"$(SDKROOT)/Developer/Library/Frameworks",
					"$(inherited)",
					"$(DEVELOPER_FRAMEWORKS_DIR)",
				);
				GCC_PRECOMPILE_PREFIX_HEADER = YES;
				GCC_PREFIX_HEADER = "timeWiser/timeWiser-Prefix.pch";
				GCC_PREPROCESSOR_DEFINITIONS = (
					"DEBUG=1",
					"$(inherited)",
				);
				INFOPLIST_FILE = "timeWiserTests/timeWiserTests-Info.plist";
				PRODUCT_NAME = "$(TARGET_NAME)";
				TEST_HOST = "$(BUNDLE_LOADER)";
				WRAPPER_EXTENSION = xctest;
			};
			name = Debug;
		};
		AE61321818E8C7A3008BE5FF /* Release */ = {
			isa = XCBuildConfiguration;
			buildSettings = {
				BUNDLE_LOADER = "$(BUILT_PRODUCTS_DIR)/timeWiser.app/timeWiser";
				FRAMEWORK_SEARCH_PATHS = (
					"$(SDKROOT)/Developer/Library/Frameworks",
					"$(inherited)",
					"$(DEVELOPER_FRAMEWORKS_DIR)",
				);
				GCC_PRECOMPILE_PREFIX_HEADER = YES;
				GCC_PREFIX_HEADER = "timeWiser/timeWiser-Prefix.pch";
				INFOPLIST_FILE = "timeWiserTests/timeWiserTests-Info.plist";
				PRODUCT_NAME = "$(TARGET_NAME)";
				TEST_HOST = "$(BUNDLE_LOADER)";
				WRAPPER_EXTENSION = xctest;
			};
			name = Release;
		};
/* End XCBuildConfiguration section */

/* Begin XCConfigurationList section */
		AE6131DC18E8C7A3008BE5FF /* Build configuration list for PBXProject "timeWiser" */ = {
			isa = XCConfigurationList;
			buildConfigurations = (
				AE61321118E8C7A3008BE5FF /* Debug */,
				AE61321218E8C7A3008BE5FF /* Release */,
			);
			defaultConfigurationIsVisible = 0;
			defaultConfigurationName = Release;
		};
		AE61321318E8C7A3008BE5FF /* Build configuration list for PBXNativeTarget "timeWiser" */ = {
			isa = XCConfigurationList;
			buildConfigurations = (
				AE61321418E8C7A3008BE5FF /* Debug */,
				AE61321518E8C7A3008BE5FF /* Release */,
			);
			defaultConfigurationIsVisible = 0;
			defaultConfigurationName = Release;
		};
		AE61321618E8C7A3008BE5FF /* Build configuration list for PBXNativeTarget "timeWiserTests" */ = {
			isa = XCConfigurationList;
			buildConfigurations = (
				AE61321718E8C7A3008BE5FF /* Debug */,
				AE61321818E8C7A3008BE5FF /* Release */,
			);
			defaultConfigurationIsVisible = 0;
			defaultConfigurationName = Release;
		};
/* End XCConfigurationList section */

/* Begin XCVersionGroup section */
		AE5DFCA418EF8B4900FA585A /* tasks.xcdatamodeld */ = {
			isa = XCVersionGroup;
			children = (
				AE5DFCA518EF8B4900FA585A /* tasks.xcdatamodel */,
			);
			currentVersion = AE5DFCA518EF8B4900FA585A /* tasks.xcdatamodel */;
			path = tasks.xcdatamodeld;
			sourceTree = "<group>";
			versionGroupType = wrapper.xcdatamodel;
		};
/* End XCVersionGroup section */
	};
	rootObject = AE6131D918E8C7A3008BE5FF /* Project object */;
}
